// !$*UTF8*$!
{
	archiveVersion = 1;
	classes = {
	};
	objectVersion = 51;
	objects = {

/* Begin PBXBuildFile section */
		53153CC02456253F0089AEA7 /* SmallHeaderCVCell.swift in Sources */ = {isa = PBXBuildFile; fileRef = 53153CBF2456253F0089AEA7 /* SmallHeaderCVCell.swift */; };
		53153CC2245625950089AEA7 /* SearchItemCell.swift in Sources */ = {isa = PBXBuildFile; fileRef = 53153CC1245625950089AEA7 /* SearchItemCell.swift */; };
		53189FB2247EDC2C002DAEE2 /* WatchlistsCoordinator.swift in Sources */ = {isa = PBXBuildFile; fileRef = 53189FB1247EDC2C002DAEE2 /* WatchlistsCoordinator.swift */; };
		53189FB4247EDE9E002DAEE2 /* MainTabBarController.swift in Sources */ = {isa = PBXBuildFile; fileRef = 53189FB3247EDE9E002DAEE2 /* MainTabBarController.swift */; };
		531FE206246C29A500AE0505 /* Login.storyboard in Resources */ = {isa = PBXBuildFile; fileRef = 531FE205246C29A500AE0505 /* Login.storyboard */; };
		531FE209246C2AB000AE0505 /* LoginVC.swift in Sources */ = {isa = PBXBuildFile; fileRef = 531FE208246C2AB000AE0505 /* LoginVC.swift */; };
		531FE20B246C2FD400AE0505 /* Buttons.swift in Sources */ = {isa = PBXBuildFile; fileRef = 531FE20A246C2FD400AE0505 /* Buttons.swift */; };
		5321D39F246B0CF500FC7E83 /* SelectWatchlistVC.swift in Sources */ = {isa = PBXBuildFile; fileRef = 5321D39E246B0CF500FC7E83 /* SelectWatchlistVC.swift */; };
		532210752473F89200381419 /* Chatroom+CoreDataClass.swift in Sources */ = {isa = PBXBuildFile; fileRef = 532210712473F89200381419 /* Chatroom+CoreDataClass.swift */; };
		532210762473F89200381419 /* Chatroom+CoreDataProperties.swift in Sources */ = {isa = PBXBuildFile; fileRef = 532210722473F89200381419 /* Chatroom+CoreDataProperties.swift */; };
		53251069245ABF4200DBBA04 /* NewWatchlistVC.swift in Sources */ = {isa = PBXBuildFile; fileRef = 53251068245ABF4200DBBA04 /* NewWatchlistVC.swift */; };
		5325106F245AD9FE00DBBA04 /* Extensions.swift in Sources */ = {isa = PBXBuildFile; fileRef = 5325106E245AD9FE00DBBA04 /* Extensions.swift */; };
		53264A3624669DD4006C3423 /* SmallHeaderTVCell.swift in Sources */ = {isa = PBXBuildFile; fileRef = 53264A3524669DD4006C3423 /* SmallHeaderTVCell.swift */; };
		53286A132465AF2C00934B4D /* MessageTVCell.swift in Sources */ = {isa = PBXBuildFile; fileRef = 53286A122465AF2C00934B4D /* MessageTVCell.swift */; };
		53286A162465D13F00934B4D /* MessageInputAccessoryView.swift in Sources */ = {isa = PBXBuildFile; fileRef = 53286A152465D13F00934B4D /* MessageInputAccessoryView.swift */; };
		53286A182465D1DC00934B4D /* MessageInputTextView.swift in Sources */ = {isa = PBXBuildFile; fileRef = 53286A172465D1DC00934B4D /* MessageInputTextView.swift */; };
		53298B522483DA5C00883BFB /* LoginCoordinator.swift in Sources */ = {isa = PBXBuildFile; fileRef = 53298B512483DA5C00883BFB /* LoginCoordinator.swift */; };
		532A2F33245730D000AE14B6 /* ItemDetailVC.swift in Sources */ = {isa = PBXBuildFile; fileRef = 532A2F32245730D000AE14B6 /* ItemDetailVC.swift */; };
		532B59E225052ED2003655EE /* Watchlist+CoreDataClass.swift in Sources */ = {isa = PBXBuildFile; fileRef = 532B59DE25052ED2003655EE /* Watchlist+CoreDataClass.swift */; };
		532B59E325052ED2003655EE /* Watchlist+CoreDataProperties.swift in Sources */ = {isa = PBXBuildFile; fileRef = 532B59DF25052ED2003655EE /* Watchlist+CoreDataProperties.swift */; };
		532B59E425052ED2003655EE /* User+CoreDataClass.swift in Sources */ = {isa = PBXBuildFile; fileRef = 532B59E025052ED2003655EE /* User+CoreDataClass.swift */; };
		532B59E525052ED2003655EE /* User+CoreDataProperties.swift in Sources */ = {isa = PBXBuildFile; fileRef = 532B59E125052ED2003655EE /* User+CoreDataProperties.swift */; };
		532FBF0E247575C000B1E11B /* Views.swift in Sources */ = {isa = PBXBuildFile; fileRef = 532FBF0D247575C000B1E11B /* Views.swift */; };
		534BFB9D2454DDB500F9F772 /* Watchlists.storyboard in Resources */ = {isa = PBXBuildFile; fileRef = 534BFB9C2454DDB500F9F772 /* Watchlists.storyboard */; };
		534BFBA02454DE8800F9F772 /* Chatrooms.storyboard in Resources */ = {isa = PBXBuildFile; fileRef = 534BFB9E2454DE8800F9F772 /* Chatrooms.storyboard */; };
		534BFBA22454DED600F9F772 /* Settings.storyboard in Resources */ = {isa = PBXBuildFile; fileRef = 534BFBA12454DED600F9F772 /* Settings.storyboard */; };
		536012FD246497CC00E00C6F /* ChatroomVC.swift in Sources */ = {isa = PBXBuildFile; fileRef = 536012FC246497CC00E00C6F /* ChatroomVC.swift */; };
		536012FF2464A33000E00C6F /* Protocols.swift in Sources */ = {isa = PBXBuildFile; fileRef = 536012FE2464A33000E00C6F /* Protocols.swift */; };
		53645A64245CA382009A4AE6 /* TextCVCell.swift in Sources */ = {isa = PBXBuildFile; fileRef = 53645A63245CA382009A4AE6 /* TextCVCell.swift */; };
		53645A66245DBEB0009A4AE6 /* HighlightCVCell.swift in Sources */ = {isa = PBXBuildFile; fileRef = 53645A65245DBEB0009A4AE6 /* HighlightCVCell.swift */; };
		53645A68245DD8A0009A4AE6 /* ItemCell.swift in Sources */ = {isa = PBXBuildFile; fileRef = 53645A67245DD8A0009A4AE6 /* ItemCell.swift */; };
		53649011246C3EE400628A32 /* TextFields.swift in Sources */ = {isa = PBXBuildFile; fileRef = 53649010246C3EE400628A32 /* TextFields.swift */; };
		53649013246C781D00628A32 /* CreateAccountVC.swift in Sources */ = {isa = PBXBuildFile; fileRef = 53649012246C781D00628A32 /* CreateAccountVC.swift */; };
		5369E491246DE79C00E9CB91 /* FirebaseService.swift in Sources */ = {isa = PBXBuildFile; fileRef = 5369E490246DE79C00E9CB91 /* FirebaseService.swift */; };
		536A3922245F717E00E1FAA0 /* Item+CoreDataProperties.swift in Sources */ = {isa = PBXBuildFile; fileRef = 536A3921245F717E00E1FAA0 /* Item+CoreDataProperties.swift */; };
		536A7ADD247FDBF4004F81B2 /* ChatroomsCoordinator.swift in Sources */ = {isa = PBXBuildFile; fileRef = 536A7ADC247FDBF4004F81B2 /* ChatroomsCoordinator.swift */; };
		536A7ADF247FF7B4004F81B2 /* NewChatroomCoordinator.swift in Sources */ = {isa = PBXBuildFile; fileRef = 536A7ADE247FF7B4004F81B2 /* NewChatroomCoordinator.swift */; };
		5376F2B024595EE7007FB93C /* LocalDatabase.swift in Sources */ = {isa = PBXBuildFile; fileRef = 5376F2AF24595EE7007FB93C /* LocalDatabase.swift */; };
		537C14322455CDE7005FC745 /* SearchItems.swift in Sources */ = {isa = PBXBuildFile; fileRef = 537C14312455CDE7005FC745 /* SearchItems.swift */; };
		53817084246C9094006A4B3B /* GoogleService-Info.plist in Resources */ = {isa = PBXBuildFile; fileRef = 53817083246C9093006A4B3B /* GoogleService-Info.plist */; };
		538774402468113A009247CA /* ChatroomTVCell.swift in Sources */ = {isa = PBXBuildFile; fileRef = 5387743F2468113A009247CA /* ChatroomTVCell.swift */; };
		538D29D52454978600CDB99F /* AppDelegate.swift in Sources */ = {isa = PBXBuildFile; fileRef = 538D29D42454978600CDB99F /* AppDelegate.swift */; };
		538D29D92454978600CDB99F /* WatchlistsVC.swift in Sources */ = {isa = PBXBuildFile; fileRef = 538D29D82454978600CDB99F /* WatchlistsVC.swift */; };
		538D29DF2454978600CDB99F /* CouchClub.xcdatamodeld in Sources */ = {isa = PBXBuildFile; fileRef = 538D29DD2454978600CDB99F /* CouchClub.xcdatamodeld */; };
		538D29E12454978800CDB99F /* Assets.xcassets in Resources */ = {isa = PBXBuildFile; fileRef = 538D29E02454978800CDB99F /* Assets.xcassets */; };
		538D29E42454978800CDB99F /* LaunchScreen.storyboard in Resources */ = {isa = PBXBuildFile; fileRef = 538D29E22454978800CDB99F /* LaunchScreen.storyboard */; };
		538D29EF2454978800CDB99F /* CouchClubTests.swift in Sources */ = {isa = PBXBuildFile; fileRef = 538D29EE2454978800CDB99F /* CouchClubTests.swift */; };
		5390F47F248901A600F6C211 /* ChatroomsDataSource.swift in Sources */ = {isa = PBXBuildFile; fileRef = 5390F47E248901A600F6C211 /* ChatroomsDataSource.swift */; };
		5390F482248939B300F6C211 /* ChatroomMessagesDataSource.swift in Sources */ = {isa = PBXBuildFile; fileRef = 5390F481248939B300F6C211 /* ChatroomMessagesDataSource.swift */; };
		5390F4872489497500F6C211 /* TitleTextView.swift in Sources */ = {isa = PBXBuildFile; fileRef = 5390F4862489497500F6C211 /* TitleTextView.swift */; };
		5390F489248A5C4B00F6C211 /* WatchlistsDataSource.swift in Sources */ = {isa = PBXBuildFile; fileRef = 5390F488248A5C4B00F6C211 /* WatchlistsDataSource.swift */; };
		5390F48B248A679500F6C211 /* WatchlistSelectionDataSource.swift in Sources */ = {isa = PBXBuildFile; fileRef = 5390F48A248A679500F6C211 /* WatchlistSelectionDataSource.swift */; };
		5390F48D248A81FB00F6C211 /* WatchlistItemsDataSource.swift in Sources */ = {isa = PBXBuildFile; fileRef = 5390F48C248A81FB00F6C211 /* WatchlistItemsDataSource.swift */; };
		539448BB24640366002A9544 /* NewChatroomVC.swift in Sources */ = {isa = PBXBuildFile; fileRef = 539448BA24640366002A9544 /* NewChatroomVC.swift */; };
		53A8BBD624768FC7001B3E6C /* PushNotifications.swift in Sources */ = {isa = PBXBuildFile; fileRef = 53A8BBD524768FC7001B3E6C /* PushNotifications.swift */; };
		53AE644B2455DE4E00D7F817 /* NetworkService.swift in Sources */ = {isa = PBXBuildFile; fileRef = 53AE644A2455DE4E00D7F817 /* NetworkService.swift */; };
		53AEA6CE247F093300308718 /* NewWatchlistCoordinator.swift in Sources */ = {isa = PBXBuildFile; fileRef = 53AEA6CD247F093300308718 /* NewWatchlistCoordinator.swift */; };
		53B04FFD2482C4C5008BDF15 /* SettingsCoordinator.swift in Sources */ = {isa = PBXBuildFile; fileRef = 53B04FFC2482C4C5008BDF15 /* SettingsCoordinator.swift */; };
		53B34E2E245744220076B148 /* ItemDetailHeaderTVCell.swift in Sources */ = {isa = PBXBuildFile; fileRef = 53B34E2D245744220076B148 /* ItemDetailHeaderTVCell.swift */; };
		53B34E3024580D160076B148 /* HighlightTVCell.swift in Sources */ = {isa = PBXBuildFile; fileRef = 53B34E2F24580D160076B148 /* HighlightTVCell.swift */; };
		53B7144B245B524D00915FF8 /* Item+CoreDataClass.swift in Sources */ = {isa = PBXBuildFile; fileRef = 53B71447245B524D00915FF8 /* Item+CoreDataClass.swift */; };
		53B7CDE42454A52A007395EE /* ChatroomsVC.swift in Sources */ = {isa = PBXBuildFile; fileRef = 53B7CDE32454A52A007395EE /* ChatroomsVC.swift */; };
		53B94C7F2481ACEA00F9F0F1 /* SearchCoordinator.swift in Sources */ = {isa = PBXBuildFile; fileRef = 53B94C7E2481ACEA00F9F0F1 /* SearchCoordinator.swift */; };
		53BEA6942459722500F7D770 /* LocalStorage.swift in Sources */ = {isa = PBXBuildFile; fileRef = 53BEA6932459722500F7D770 /* LocalStorage.swift */; };
		53BEA6962459820100F7D770 /* DataCoordinator.swift in Sources */ = {isa = PBXBuildFile; fileRef = 53BEA6952459820100F7D770 /* DataCoordinator.swift */; };
		53C0B1F52454A8810019640D /* SettingsVC.swift in Sources */ = {isa = PBXBuildFile; fileRef = 53C0B1F42454A8810019640D /* SettingsVC.swift */; };
		53C0B1F72454AF2B0019640D /* WatchlistCell.swift in Sources */ = {isa = PBXBuildFile; fileRef = 53C0B1F62454AF2B0019640D /* WatchlistCell.swift */; };
		53C5ADB62455D08100873F90 /* Search.storyboard in Resources */ = {isa = PBXBuildFile; fileRef = 53C5ADB52455D08100873F90 /* Search.storyboard */; };
		53C5ADBB2455D24800873F90 /* SearchVC.swift in Sources */ = {isa = PBXBuildFile; fileRef = 53C5ADBA2455D24800873F90 /* SearchVC.swift */; };
		53CC6A40245ADB2500744012 /* WatchlistVC.swift in Sources */ = {isa = PBXBuildFile; fileRef = 53CC6A3F245ADB2500744012 /* WatchlistVC.swift */; };
		53D16F4E2458D790001DD4FA /* Constants.swift in Sources */ = {isa = PBXBuildFile; fileRef = 53D16F4D2458D790001DD4FA /* Constants.swift */; };
		53D91F07245AEF5A00BC9F82 /* Alerts.swift in Sources */ = {isa = PBXBuildFile; fileRef = 53D91F06245AEF5A00BC9F82 /* Alerts.swift */; };
		53EFBCDE246F11DE00958A76 /* Message+CoreDataClass.swift in Sources */ = {isa = PBXBuildFile; fileRef = 53EFBCD8246F11DE00958A76 /* Message+CoreDataClass.swift */; };
		53EFBCDF246F11DE00958A76 /* Message+CoreDataProperties.swift in Sources */ = {isa = PBXBuildFile; fileRef = 53EFBCD9246F11DE00958A76 /* Message+CoreDataProperties.swift */; };
		53F6880B2458CFE500230CE9 /* Show+CoreDataClass.swift in Sources */ = {isa = PBXBuildFile; fileRef = 53F688052458CFE500230CE9 /* Show+CoreDataClass.swift */; };
		53F6880C2458CFE500230CE9 /* Show+CoreDataProperties.swift in Sources */ = {isa = PBXBuildFile; fileRef = 53F688062458CFE500230CE9 /* Show+CoreDataProperties.swift */; };
		53F6880D2458CFE500230CE9 /* Movie+CoreDataClass.swift in Sources */ = {isa = PBXBuildFile; fileRef = 53F688072458CFE500230CE9 /* Movie+CoreDataClass.swift */; };
		53F6880E2458CFE500230CE9 /* Movie+CoreDataProperties.swift in Sources */ = {isa = PBXBuildFile; fileRef = 53F688082458CFE500230CE9 /* Movie+CoreDataProperties.swift */; };
		53F688102458D4AC00230CE9 /* Converter.swift in Sources */ = {isa = PBXBuildFile; fileRef = 53F6880F2458D4AC00230CE9 /* Converter.swift */; };
		BEA26136877D54C39C8A6868 /* Pods_CouchClub.framework in Frameworks */ = {isa = PBXBuildFile; fileRef = D641FCC8549B66DCC34E2448 /* Pods_CouchClub.framework */; };
		F19FDBDB596D8AA738518030 /* Pods_CouchClubTests.framework in Frameworks */ = {isa = PBXBuildFile; fileRef = C10D12256D7B51DFC931508D /* Pods_CouchClubTests.framework */; };
/* End PBXBuildFile section */

/* Begin PBXContainerItemProxy section */
		538D29EB2454978800CDB99F /* PBXContainerItemProxy */ = {
			isa = PBXContainerItemProxy;
			containerPortal = 538D29C92454978600CDB99F /* Project object */;
			proxyType = 1;
			remoteGlobalIDString = 538D29D02454978600CDB99F;
			remoteInfo = CouchClub;
		};
/* End PBXContainerItemProxy section */

/* Begin PBXFileReference section */
		3950BC54F639061C280CD2FD /* Pods-CouchClub.debug.xcconfig */ = {isa = PBXFileReference; includeInIndex = 1; lastKnownFileType = text.xcconfig; name = "Pods-CouchClub.debug.xcconfig"; path = "Target Support Files/Pods-CouchClub/Pods-CouchClub.debug.xcconfig"; sourceTree = "<group>"; };
		53153CBF2456253F0089AEA7 /* SmallHeaderCVCell.swift */ = {isa = PBXFileReference; lastKnownFileType = sourcecode.swift; path = SmallHeaderCVCell.swift; sourceTree = "<group>"; };
		53153CC1245625950089AEA7 /* SearchItemCell.swift */ = {isa = PBXFileReference; lastKnownFileType = sourcecode.swift; path = SearchItemCell.swift; sourceTree = "<group>"; };
		53189FB1247EDC2C002DAEE2 /* WatchlistsCoordinator.swift */ = {isa = PBXFileReference; lastKnownFileType = sourcecode.swift; path = WatchlistsCoordinator.swift; sourceTree = "<group>"; };
		53189FB3247EDE9E002DAEE2 /* MainTabBarController.swift */ = {isa = PBXFileReference; lastKnownFileType = sourcecode.swift; path = MainTabBarController.swift; sourceTree = "<group>"; };
		531FE205246C29A500AE0505 /* Login.storyboard */ = {isa = PBXFileReference; lastKnownFileType = file.storyboard; path = Login.storyboard; sourceTree = "<group>"; };
		531FE208246C2AB000AE0505 /* LoginVC.swift */ = {isa = PBXFileReference; lastKnownFileType = sourcecode.swift; path = LoginVC.swift; sourceTree = "<group>"; };
		531FE20A246C2FD400AE0505 /* Buttons.swift */ = {isa = PBXFileReference; lastKnownFileType = sourcecode.swift; path = Buttons.swift; sourceTree = "<group>"; };
		5321D39E246B0CF500FC7E83 /* SelectWatchlistVC.swift */ = {isa = PBXFileReference; lastKnownFileType = sourcecode.swift; path = SelectWatchlistVC.swift; sourceTree = "<group>"; };
		532210712473F89200381419 /* Chatroom+CoreDataClass.swift */ = {isa = PBXFileReference; lastKnownFileType = sourcecode.swift; name = "Chatroom+CoreDataClass.swift"; path = "CouchClub/Model/CoreData/Chatrooms/Chatroom+CoreDataClass.swift"; sourceTree = SOURCE_ROOT; };
		532210722473F89200381419 /* Chatroom+CoreDataProperties.swift */ = {isa = PBXFileReference; lastKnownFileType = sourcecode.swift; name = "Chatroom+CoreDataProperties.swift"; path = "CouchClub/Model/CoreData/Chatrooms/Chatroom+CoreDataProperties.swift"; sourceTree = SOURCE_ROOT; };
		53251068245ABF4200DBBA04 /* NewWatchlistVC.swift */ = {isa = PBXFileReference; lastKnownFileType = sourcecode.swift; path = NewWatchlistVC.swift; sourceTree = "<group>"; };
		5325106E245AD9FE00DBBA04 /* Extensions.swift */ = {isa = PBXFileReference; lastKnownFileType = sourcecode.swift; path = Extensions.swift; sourceTree = "<group>"; };
		53264A3524669DD4006C3423 /* SmallHeaderTVCell.swift */ = {isa = PBXFileReference; lastKnownFileType = sourcecode.swift; path = SmallHeaderTVCell.swift; sourceTree = "<group>"; };
		53286A122465AF2C00934B4D /* MessageTVCell.swift */ = {isa = PBXFileReference; lastKnownFileType = sourcecode.swift; path = MessageTVCell.swift; sourceTree = "<group>"; };
		53286A152465D13F00934B4D /* MessageInputAccessoryView.swift */ = {isa = PBXFileReference; lastKnownFileType = sourcecode.swift; path = MessageInputAccessoryView.swift; sourceTree = "<group>"; };
		53286A172465D1DC00934B4D /* MessageInputTextView.swift */ = {isa = PBXFileReference; lastKnownFileType = sourcecode.swift; path = MessageInputTextView.swift; sourceTree = "<group>"; };
		53298B512483DA5C00883BFB /* LoginCoordinator.swift */ = {isa = PBXFileReference; lastKnownFileType = sourcecode.swift; path = LoginCoordinator.swift; sourceTree = "<group>"; };
		532A2F32245730D000AE14B6 /* ItemDetailVC.swift */ = {isa = PBXFileReference; lastKnownFileType = sourcecode.swift; path = ItemDetailVC.swift; sourceTree = "<group>"; };
		532B59DE25052ED2003655EE /* Watchlist+CoreDataClass.swift */ = {isa = PBXFileReference; lastKnownFileType = sourcecode.swift; name = "Watchlist+CoreDataClass.swift"; path = "CouchClub/Model/CoreData/Watchlists/Watchlist+CoreDataClass.swift"; sourceTree = SOURCE_ROOT; };
		532B59DF25052ED2003655EE /* Watchlist+CoreDataProperties.swift */ = {isa = PBXFileReference; lastKnownFileType = sourcecode.swift; name = "Watchlist+CoreDataProperties.swift"; path = "CouchClub/Model/CoreData/Watchlists/Watchlist+CoreDataProperties.swift"; sourceTree = SOURCE_ROOT; };
		532B59E025052ED2003655EE /* User+CoreDataClass.swift */ = {isa = PBXFileReference; lastKnownFileType = sourcecode.swift; name = "User+CoreDataClass.swift"; path = "CouchClub/Model/CoreData/Users/User+CoreDataClass.swift"; sourceTree = SOURCE_ROOT; };
		532B59E125052ED2003655EE /* User+CoreDataProperties.swift */ = {isa = PBXFileReference; lastKnownFileType = sourcecode.swift; name = "User+CoreDataProperties.swift"; path = "CouchClub/Model/CoreData/Users/User+CoreDataProperties.swift"; sourceTree = SOURCE_ROOT; };
		532FBF0D247575C000B1E11B /* Views.swift */ = {isa = PBXFileReference; lastKnownFileType = sourcecode.swift; path = Views.swift; sourceTree = "<group>"; };
		534BFB9C2454DDB500F9F772 /* Watchlists.storyboard */ = {isa = PBXFileReference; fileEncoding = 4; lastKnownFileType = file.storyboard; path = Watchlists.storyboard; sourceTree = "<group>"; };
		534BFB9F2454DE8800F9F772 /* Base */ = {isa = PBXFileReference; lastKnownFileType = file.storyboard; name = Base; path = CouchClub/View/Storyboards/Base.lproj/Chatrooms.storyboard; sourceTree = "<group>"; };
		534BFBA12454DED600F9F772 /* Settings.storyboard */ = {isa = PBXFileReference; fileEncoding = 4; lastKnownFileType = file.storyboard; path = Settings.storyboard; sourceTree = "<group>"; };
		536012FC246497CC00E00C6F /* ChatroomVC.swift */ = {isa = PBXFileReference; lastKnownFileType = sourcecode.swift; path = ChatroomVC.swift; sourceTree = "<group>"; };
		536012FE2464A33000E00C6F /* Protocols.swift */ = {isa = PBXFileReference; lastKnownFileType = sourcecode.swift; path = Protocols.swift; sourceTree = "<group>"; };
		53645A63245CA382009A4AE6 /* TextCVCell.swift */ = {isa = PBXFileReference; lastKnownFileType = sourcecode.swift; path = TextCVCell.swift; sourceTree = "<group>"; };
		53645A65245DBEB0009A4AE6 /* HighlightCVCell.swift */ = {isa = PBXFileReference; lastKnownFileType = sourcecode.swift; path = HighlightCVCell.swift; sourceTree = "<group>"; };
		53645A67245DD8A0009A4AE6 /* ItemCell.swift */ = {isa = PBXFileReference; lastKnownFileType = sourcecode.swift; path = ItemCell.swift; sourceTree = "<group>"; };
		53649010246C3EE400628A32 /* TextFields.swift */ = {isa = PBXFileReference; lastKnownFileType = sourcecode.swift; path = TextFields.swift; sourceTree = "<group>"; };
		53649012246C781D00628A32 /* CreateAccountVC.swift */ = {isa = PBXFileReference; lastKnownFileType = sourcecode.swift; path = CreateAccountVC.swift; sourceTree = "<group>"; };
		5369E490246DE79C00E9CB91 /* FirebaseService.swift */ = {isa = PBXFileReference; lastKnownFileType = sourcecode.swift; path = FirebaseService.swift; sourceTree = "<group>"; };
		536A3921245F717E00E1FAA0 /* Item+CoreDataProperties.swift */ = {isa = PBXFileReference; lastKnownFileType = sourcecode.swift; name = "Item+CoreDataProperties.swift"; path = "CouchClub/Model/CoreData/Watchlists/Item+CoreDataProperties.swift"; sourceTree = SOURCE_ROOT; };
		536A7ADC247FDBF4004F81B2 /* ChatroomsCoordinator.swift */ = {isa = PBXFileReference; lastKnownFileType = sourcecode.swift; path = ChatroomsCoordinator.swift; sourceTree = "<group>"; };
		536A7ADE247FF7B4004F81B2 /* NewChatroomCoordinator.swift */ = {isa = PBXFileReference; lastKnownFileType = sourcecode.swift; path = NewChatroomCoordinator.swift; sourceTree = "<group>"; };
		5376F2AF24595EE7007FB93C /* LocalDatabase.swift */ = {isa = PBXFileReference; lastKnownFileType = sourcecode.swift; path = LocalDatabase.swift; sourceTree = "<group>"; };
		537C14312455CDE7005FC745 /* SearchItems.swift */ = {isa = PBXFileReference; lastKnownFileType = sourcecode.swift; path = SearchItems.swift; sourceTree = "<group>"; };
		53817083246C9093006A4B3B /* GoogleService-Info.plist */ = {isa = PBXFileReference; fileEncoding = 4; lastKnownFileType = text.plist.xml; path = "GoogleService-Info.plist"; sourceTree = "<group>"; };
		5387743F2468113A009247CA /* ChatroomTVCell.swift */ = {isa = PBXFileReference; lastKnownFileType = sourcecode.swift; path = ChatroomTVCell.swift; sourceTree = "<group>"; };
		538D29D12454978600CDB99F /* CouchClub.app */ = {isa = PBXFileReference; explicitFileType = wrapper.application; includeInIndex = 0; path = CouchClub.app; sourceTree = BUILT_PRODUCTS_DIR; };
		538D29D42454978600CDB99F /* AppDelegate.swift */ = {isa = PBXFileReference; lastKnownFileType = sourcecode.swift; path = AppDelegate.swift; sourceTree = "<group>"; };
		538D29D82454978600CDB99F /* WatchlistsVC.swift */ = {isa = PBXFileReference; lastKnownFileType = sourcecode.swift; path = WatchlistsVC.swift; sourceTree = "<group>"; };
		538D29DE2454978600CDB99F /* CouchClub.xcdatamodel */ = {isa = PBXFileReference; lastKnownFileType = wrapper.xcdatamodel; path = CouchClub.xcdatamodel; sourceTree = "<group>"; };
		538D29E02454978800CDB99F /* Assets.xcassets */ = {isa = PBXFileReference; lastKnownFileType = folder.assetcatalog; path = Assets.xcassets; sourceTree = "<group>"; };
		538D29E32454978800CDB99F /* Base */ = {isa = PBXFileReference; lastKnownFileType = file.storyboard; name = Base; path = Base.lproj/LaunchScreen.storyboard; sourceTree = "<group>"; };
		538D29E52454978800CDB99F /* Info.plist */ = {isa = PBXFileReference; lastKnownFileType = text.plist.xml; path = Info.plist; sourceTree = "<group>"; };
		538D29EA2454978800CDB99F /* CouchClubTests.xctest */ = {isa = PBXFileReference; explicitFileType = wrapper.cfbundle; includeInIndex = 0; path = CouchClubTests.xctest; sourceTree = BUILT_PRODUCTS_DIR; };
		538D29EE2454978800CDB99F /* CouchClubTests.swift */ = {isa = PBXFileReference; lastKnownFileType = sourcecode.swift; path = CouchClubTests.swift; sourceTree = "<group>"; };
		538D29F02454978800CDB99F /* Info.plist */ = {isa = PBXFileReference; lastKnownFileType = text.plist.xml; path = Info.plist; sourceTree = "<group>"; };
		5390F47E248901A600F6C211 /* ChatroomsDataSource.swift */ = {isa = PBXFileReference; lastKnownFileType = sourcecode.swift; path = ChatroomsDataSource.swift; sourceTree = "<group>"; };
		5390F481248939B300F6C211 /* ChatroomMessagesDataSource.swift */ = {isa = PBXFileReference; lastKnownFileType = sourcecode.swift; path = ChatroomMessagesDataSource.swift; sourceTree = "<group>"; };
		5390F4862489497500F6C211 /* TitleTextView.swift */ = {isa = PBXFileReference; lastKnownFileType = sourcecode.swift; path = TitleTextView.swift; sourceTree = "<group>"; };
		5390F488248A5C4B00F6C211 /* WatchlistsDataSource.swift */ = {isa = PBXFileReference; lastKnownFileType = sourcecode.swift; path = WatchlistsDataSource.swift; sourceTree = "<group>"; };
		5390F48A248A679500F6C211 /* WatchlistSelectionDataSource.swift */ = {isa = PBXFileReference; lastKnownFileType = sourcecode.swift; path = WatchlistSelectionDataSource.swift; sourceTree = "<group>"; };
		5390F48C248A81FB00F6C211 /* WatchlistItemsDataSource.swift */ = {isa = PBXFileReference; lastKnownFileType = sourcecode.swift; path = WatchlistItemsDataSource.swift; sourceTree = "<group>"; };
		539448BA24640366002A9544 /* NewChatroomVC.swift */ = {isa = PBXFileReference; lastKnownFileType = sourcecode.swift; path = NewChatroomVC.swift; sourceTree = "<group>"; };
		53A8BBD524768FC7001B3E6C /* PushNotifications.swift */ = {isa = PBXFileReference; lastKnownFileType = sourcecode.swift; path = PushNotifications.swift; sourceTree = "<group>"; };
		53AD80572476967900356449 /* CouchClub.entitlements */ = {isa = PBXFileReference; lastKnownFileType = text.plist.entitlements; path = CouchClub.entitlements; sourceTree = "<group>"; };
		53AE644A2455DE4E00D7F817 /* NetworkService.swift */ = {isa = PBXFileReference; lastKnownFileType = sourcecode.swift; path = NetworkService.swift; sourceTree = "<group>"; };
		53AEA6CD247F093300308718 /* NewWatchlistCoordinator.swift */ = {isa = PBXFileReference; lastKnownFileType = sourcecode.swift; path = NewWatchlistCoordinator.swift; sourceTree = "<group>"; };
		53B04FFC2482C4C5008BDF15 /* SettingsCoordinator.swift */ = {isa = PBXFileReference; lastKnownFileType = sourcecode.swift; path = SettingsCoordinator.swift; sourceTree = "<group>"; };
		53B34E2D245744220076B148 /* ItemDetailHeaderTVCell.swift */ = {isa = PBXFileReference; lastKnownFileType = sourcecode.swift; path = ItemDetailHeaderTVCell.swift; sourceTree = "<group>"; };
		53B34E2F24580D160076B148 /* HighlightTVCell.swift */ = {isa = PBXFileReference; lastKnownFileType = sourcecode.swift; path = HighlightTVCell.swift; sourceTree = "<group>"; };
		53B71447245B524D00915FF8 /* Item+CoreDataClass.swift */ = {isa = PBXFileReference; lastKnownFileType = sourcecode.swift; name = "Item+CoreDataClass.swift"; path = "CouchClub/Model/CoreData/Watchlists/Item+CoreDataClass.swift"; sourceTree = SOURCE_ROOT; };
		53B7CDE32454A52A007395EE /* ChatroomsVC.swift */ = {isa = PBXFileReference; lastKnownFileType = sourcecode.swift; path = ChatroomsVC.swift; sourceTree = "<group>"; };
		53B94C7E2481ACEA00F9F0F1 /* SearchCoordinator.swift */ = {isa = PBXFileReference; lastKnownFileType = sourcecode.swift; path = SearchCoordinator.swift; sourceTree = "<group>"; };
		53BEA6932459722500F7D770 /* LocalStorage.swift */ = {isa = PBXFileReference; lastKnownFileType = sourcecode.swift; path = LocalStorage.swift; sourceTree = "<group>"; };
		53BEA6952459820100F7D770 /* DataCoordinator.swift */ = {isa = PBXFileReference; lastKnownFileType = sourcecode.swift; path = DataCoordinator.swift; sourceTree = "<group>"; };
		53C0B1F42454A8810019640D /* SettingsVC.swift */ = {isa = PBXFileReference; lastKnownFileType = sourcecode.swift; path = SettingsVC.swift; sourceTree = "<group>"; };
		53C0B1F62454AF2B0019640D /* WatchlistCell.swift */ = {isa = PBXFileReference; lastKnownFileType = sourcecode.swift; path = WatchlistCell.swift; sourceTree = "<group>"; };
		53C5ADB52455D08100873F90 /* Search.storyboard */ = {isa = PBXFileReference; lastKnownFileType = file.storyboard; path = Search.storyboard; sourceTree = "<group>"; };
		53C5ADBA2455D24800873F90 /* SearchVC.swift */ = {isa = PBXFileReference; lastKnownFileType = sourcecode.swift; path = SearchVC.swift; sourceTree = "<group>"; };
		53CC6A3F245ADB2500744012 /* WatchlistVC.swift */ = {isa = PBXFileReference; lastKnownFileType = sourcecode.swift; path = WatchlistVC.swift; sourceTree = "<group>"; };
		53D16F4D2458D790001DD4FA /* Constants.swift */ = {isa = PBXFileReference; lastKnownFileType = sourcecode.swift; path = Constants.swift; sourceTree = "<group>"; };
		53D91F06245AEF5A00BC9F82 /* Alerts.swift */ = {isa = PBXFileReference; lastKnownFileType = sourcecode.swift; path = Alerts.swift; sourceTree = "<group>"; };
		53EFBCD8246F11DE00958A76 /* Message+CoreDataClass.swift */ = {isa = PBXFileReference; lastKnownFileType = sourcecode.swift; name = "Message+CoreDataClass.swift"; path = "CouchClub/Model/CoreData/Chatrooms/Message+CoreDataClass.swift"; sourceTree = SOURCE_ROOT; };
		53EFBCD9246F11DE00958A76 /* Message+CoreDataProperties.swift */ = {isa = PBXFileReference; lastKnownFileType = sourcecode.swift; name = "Message+CoreDataProperties.swift"; path = "CouchClub/Model/CoreData/Chatrooms/Message+CoreDataProperties.swift"; sourceTree = SOURCE_ROOT; };
		53F688052458CFE500230CE9 /* Show+CoreDataClass.swift */ = {isa = PBXFileReference; lastKnownFileType = sourcecode.swift; name = "Show+CoreDataClass.swift"; path = "CouchClub/Model/CoreData/Watchlists/Show+CoreDataClass.swift"; sourceTree = SOURCE_ROOT; };
		53F688062458CFE500230CE9 /* Show+CoreDataProperties.swift */ = {isa = PBXFileReference; lastKnownFileType = sourcecode.swift; name = "Show+CoreDataProperties.swift"; path = "CouchClub/Model/CoreData/Watchlists/Show+CoreDataProperties.swift"; sourceTree = SOURCE_ROOT; };
		53F688072458CFE500230CE9 /* Movie+CoreDataClass.swift */ = {isa = PBXFileReference; lastKnownFileType = sourcecode.swift; name = "Movie+CoreDataClass.swift"; path = "CouchClub/Model/CoreData/Watchlists/Movie+CoreDataClass.swift"; sourceTree = SOURCE_ROOT; };
		53F688082458CFE500230CE9 /* Movie+CoreDataProperties.swift */ = {isa = PBXFileReference; lastKnownFileType = sourcecode.swift; name = "Movie+CoreDataProperties.swift"; path = "CouchClub/Model/CoreData/Watchlists/Movie+CoreDataProperties.swift"; sourceTree = SOURCE_ROOT; };
		53F6880F2458D4AC00230CE9 /* Converter.swift */ = {isa = PBXFileReference; lastKnownFileType = sourcecode.swift; path = Converter.swift; sourceTree = "<group>"; };
		66146CAEF669EBBF4C95FDB2 /* Pods-CouchClubTests.release.xcconfig */ = {isa = PBXFileReference; includeInIndex = 1; lastKnownFileType = text.xcconfig; name = "Pods-CouchClubTests.release.xcconfig"; path = "Target Support Files/Pods-CouchClubTests/Pods-CouchClubTests.release.xcconfig"; sourceTree = "<group>"; };
		7C224FFD5468964A9A651875 /* Pods-CouchClubTests.debug.xcconfig */ = {isa = PBXFileReference; includeInIndex = 1; lastKnownFileType = text.xcconfig; name = "Pods-CouchClubTests.debug.xcconfig"; path = "Target Support Files/Pods-CouchClubTests/Pods-CouchClubTests.debug.xcconfig"; sourceTree = "<group>"; };
		9CB43F872B3E2FDA0802E497 /* Pods-CouchClub.release.xcconfig */ = {isa = PBXFileReference; includeInIndex = 1; lastKnownFileType = text.xcconfig; name = "Pods-CouchClub.release.xcconfig"; path = "Target Support Files/Pods-CouchClub/Pods-CouchClub.release.xcconfig"; sourceTree = "<group>"; };
		C10D12256D7B51DFC931508D /* Pods_CouchClubTests.framework */ = {isa = PBXFileReference; explicitFileType = wrapper.framework; includeInIndex = 0; path = Pods_CouchClubTests.framework; sourceTree = BUILT_PRODUCTS_DIR; };
		D641FCC8549B66DCC34E2448 /* Pods_CouchClub.framework */ = {isa = PBXFileReference; explicitFileType = wrapper.framework; includeInIndex = 0; path = Pods_CouchClub.framework; sourceTree = BUILT_PRODUCTS_DIR; };
/* End PBXFileReference section */

/* Begin PBXFrameworksBuildPhase section */
		538D29CE2454978600CDB99F /* Frameworks */ = {
			isa = PBXFrameworksBuildPhase;
			buildActionMask = 2147483647;
			files = (
				BEA26136877D54C39C8A6868 /* Pods_CouchClub.framework in Frameworks */,
			);
			runOnlyForDeploymentPostprocessing = 0;
		};
		538D29E72454978800CDB99F /* Frameworks */ = {
			isa = PBXFrameworksBuildPhase;
			buildActionMask = 2147483647;
			files = (
				F19FDBDB596D8AA738518030 /* Pods_CouchClubTests.framework in Frameworks */,
			);
			runOnlyForDeploymentPostprocessing = 0;
		};
/* End PBXFrameworksBuildPhase section */

/* Begin PBXGroup section */
		216C786008B38280B3B16EAB /* Frameworks */ = {
			isa = PBXGroup;
			children = (
				D641FCC8549B66DCC34E2448 /* Pods_CouchClub.framework */,
				C10D12256D7B51DFC931508D /* Pods_CouchClubTests.framework */,
			);
			name = Frameworks;
			sourceTree = "<group>";
		};
		53153CBB245624A50089AEA7 /* Cells */ = {
			isa = PBXGroup;
			children = (
				53645A63245CA382009A4AE6 /* TextCVCell.swift */,
				53C0B1F62454AF2B0019640D /* WatchlistCell.swift */,
				53645A67245DD8A0009A4AE6 /* ItemCell.swift */,
				53153CC1245625950089AEA7 /* SearchItemCell.swift */,
				53B34E2F24580D160076B148 /* HighlightTVCell.swift */,
				53645A65245DBEB0009A4AE6 /* HighlightCVCell.swift */,
				5387743F2468113A009247CA /* ChatroomTVCell.swift */,
				53286A122465AF2C00934B4D /* MessageTVCell.swift */,
			);
			path = Cells;
			sourceTree = "<group>";
		};
		53153CBE245624D20089AEA7 /* Headers and Footers */ = {
			isa = PBXGroup;
			children = (
				53153CBF2456253F0089AEA7 /* SmallHeaderCVCell.swift */,
				53264A3524669DD4006C3423 /* SmallHeaderTVCell.swift */,
				53B34E2D245744220076B148 /* ItemDetailHeaderTVCell.swift */,
			);
			path = "Headers and Footers";
			sourceTree = "<group>";
		};
		531FE207246C2AA700AE0505 /* Login */ = {
			isa = PBXGroup;
			children = (
				53298B512483DA5C00883BFB /* LoginCoordinator.swift */,
				531FE208246C2AB000AE0505 /* LoginVC.swift */,
				53649012246C781D00628A32 /* CreateAccountVC.swift */,
			);
			path = Login;
			sourceTree = "<group>";
		};
		53286A142465D12700934B4D /* Custom Components */ = {
			isa = PBXGroup;
			children = (
				531FE20A246C2FD400AE0505 /* Buttons.swift */,
				53649010246C3EE400628A32 /* TextFields.swift */,
				53286A152465D13F00934B4D /* MessageInputAccessoryView.swift */,
				53286A172465D1DC00934B4D /* MessageInputTextView.swift */,
				5390F4862489497500F6C211 /* TitleTextView.swift */,
				532FBF0D247575C000B1E11B /* Views.swift */,
			);
			path = "Custom Components";
			sourceTree = "<group>";
		};
		534BFBA32454E48900F9F772 /* Utils */ = {
			isa = PBXGroup;
			children = (
				538D29E02454978800CDB99F /* Assets.xcassets */,
				5325106E245AD9FE00DBBA04 /* Extensions.swift */,
				53D16F4D2458D790001DD4FA /* Constants.swift */,
				536012FE2464A33000E00C6F /* Protocols.swift */,
			);
			path = Utils;
			sourceTree = "<group>";
		};
		536013012464A4BD00E00C6F /* Watchlists */ = {
			isa = PBXGroup;
			children = (
				532B59DE25052ED2003655EE /* Watchlist+CoreDataClass.swift */,
				532B59DF25052ED2003655EE /* Watchlist+CoreDataProperties.swift */,
				53B71447245B524D00915FF8 /* Item+CoreDataClass.swift */,
				536A3921245F717E00E1FAA0 /* Item+CoreDataProperties.swift */,
				53F688052458CFE500230CE9 /* Show+CoreDataClass.swift */,
				53F688062458CFE500230CE9 /* Show+CoreDataProperties.swift */,
				53F688072458CFE500230CE9 /* Movie+CoreDataClass.swift */,
				53F688082458CFE500230CE9 /* Movie+CoreDataProperties.swift */,
			);
			path = Watchlists;
			sourceTree = "<group>";
		};
		537C14352455CE5A005FC745 /* Watchlists */ = {
			isa = PBXGroup;
			children = (
				53189FB1247EDC2C002DAEE2 /* WatchlistsCoordinator.swift */,
				53AEA6CD247F093300308718 /* NewWatchlistCoordinator.swift */,
				538D29D82454978600CDB99F /* WatchlistsVC.swift */,
				53CC6A3F245ADB2500744012 /* WatchlistVC.swift */,
				5321D39E246B0CF500FC7E83 /* SelectWatchlistVC.swift */,
				53251068245ABF4200DBBA04 /* NewWatchlistVC.swift */,
			);
			path = Watchlists;
			sourceTree = "<group>";
		};
		538014402464A96000C9ED6E /* Chatrooms */ = {
			isa = PBXGroup;
			children = (
				532210712473F89200381419 /* Chatroom+CoreDataClass.swift */,
				532210722473F89200381419 /* Chatroom+CoreDataProperties.swift */,
				53EFBCD8246F11DE00958A76 /* Message+CoreDataClass.swift */,
				53EFBCD9246F11DE00958A76 /* Message+CoreDataProperties.swift */,
			);
			path = Chatrooms;
			sourceTree = "<group>";
		};
		538D29C82454978600CDB99F = {
			isa = PBXGroup;
			children = (
				538D29D32454978600CDB99F /* CouchClub */,
				538D29ED2454978800CDB99F /* CouchClubTests */,
				538D29D22454978600CDB99F /* Products */,
				A41F75B1B09C292D9B8FF986 /* Pods */,
				216C786008B38280B3B16EAB /* Frameworks */,
			);
			sourceTree = "<group>";
		};
		538D29D22454978600CDB99F /* Products */ = {
			isa = PBXGroup;
			children = (
				538D29D12454978600CDB99F /* CouchClub.app */,
				538D29EA2454978800CDB99F /* CouchClubTests.xctest */,
			);
			name = Products;
			sourceTree = "<group>";
		};
		538D29D32454978600CDB99F /* CouchClub */ = {
			isa = PBXGroup;
			children = (
				53AD80572476967900356449 /* CouchClub.entitlements */,
				53817083246C9093006A4B3B /* GoogleService-Info.plist */,
				538D29E52454978800CDB99F /* Info.plist */,
				534BFBA32454E48900F9F772 /* Utils */,
				53AE64472455DE2700D7F817 /* Managers */,
				53B7CDDF2454A21F007395EE /* Model */,
				53B7CDDE2454A216007395EE /* View */,
				53B7CDE02454A223007395EE /* Controller */,
			);
			path = CouchClub;
			sourceTree = "<group>";
		};
		538D29ED2454978800CDB99F /* CouchClubTests */ = {
			isa = PBXGroup;
			children = (
				538D29EE2454978800CDB99F /* CouchClubTests.swift */,
				538D29F02454978800CDB99F /* Info.plist */,
			);
			path = CouchClubTests;
			sourceTree = "<group>";
		};
		5390F4802489390F00F6C211 /* Data Sources */ = {
			isa = PBXGroup;
			children = (
				5390F488248A5C4B00F6C211 /* WatchlistsDataSource.swift */,
				5390F48A248A679500F6C211 /* WatchlistSelectionDataSource.swift */,
				5390F48C248A81FB00F6C211 /* WatchlistItemsDataSource.swift */,
				5390F47E248901A600F6C211 /* ChatroomsDataSource.swift */,
				5390F481248939B300F6C211 /* ChatroomMessagesDataSource.swift */,
			);
			path = "Data Sources";
			sourceTree = "<group>";
		};
		53A314E224573EB3002FF07E /* CoreData */ = {
			isa = PBXGroup;
			children = (
				538D29DD2454978600CDB99F /* CouchClub.xcdatamodeld */,
				53EFBCE0246F12A700958A76 /* Users */,
				536013012464A4BD00E00C6F /* Watchlists */,
				538014402464A96000C9ED6E /* Chatrooms */,
			);
			path = CoreData;
			sourceTree = "<group>";
		};
		53AE64472455DE2700D7F817 /* Managers */ = {
			isa = PBXGroup;
			children = (
				538D29D42454978600CDB99F /* AppDelegate.swift */,
				53AE644A2455DE4E00D7F817 /* NetworkService.swift */,
				5369E490246DE79C00E9CB91 /* FirebaseService.swift */,
				53A8BBD524768FC7001B3E6C /* PushNotifications.swift */,
				5376F2AF24595EE7007FB93C /* LocalDatabase.swift */,
				53BEA6932459722500F7D770 /* LocalStorage.swift */,
				53F6880F2458D4AC00230CE9 /* Converter.swift */,
				53BEA6952459820100F7D770 /* DataCoordinator.swift */,
			);
			path = Managers;
			sourceTree = "<group>";
		};
		53B7CDDE2454A216007395EE /* View */ = {
			isa = PBXGroup;
			children = (
				53C0B1FB2454D7EB0019640D /* Storyboards */,
				53286A142465D12700934B4D /* Custom Components */,
				53153CBE245624D20089AEA7 /* Headers and Footers */,
				53153CBB245624A50089AEA7 /* Cells */,
			);
			path = View;
			sourceTree = "<group>";
		};
		53B7CDDF2454A21F007395EE /* Model */ = {
			isa = PBXGroup;
			children = (
				53A314E224573EB3002FF07E /* CoreData */,
				537C14312455CDE7005FC745 /* SearchItems.swift */,
			);
			path = Model;
			sourceTree = "<group>";
		};
		53B7CDE02454A223007395EE /* Controller */ = {
			isa = PBXGroup;
			children = (
				5390F4802489390F00F6C211 /* Data Sources */,
				531FE207246C2AA700AE0505 /* Login */,
				537C14352455CE5A005FC745 /* Watchlists */,
				53C5ADB72455D0F800873F90 /* Chatrooms */,
				53C5ADB82455D10100873F90 /* Settings */,
				53C5ADB92455D23300873F90 /* Search */,
				53189FB3247EDE9E002DAEE2 /* MainTabBarController.swift */,
				53D91F06245AEF5A00BC9F82 /* Alerts.swift */,
			);
			path = Controller;
			sourceTree = "<group>";
		};
		53C0B1FB2454D7EB0019640D /* Storyboards */ = {
			isa = PBXGroup;
			children = (
				538D29E22454978800CDB99F /* LaunchScreen.storyboard */,
				531FE205246C29A500AE0505 /* Login.storyboard */,
				534BFB9C2454DDB500F9F772 /* Watchlists.storyboard */,
				534BFB9E2454DE8800F9F772 /* Chatrooms.storyboard */,
				534BFBA12454DED600F9F772 /* Settings.storyboard */,
				53C5ADB52455D08100873F90 /* Search.storyboard */,
			);
			path = Storyboards;
			sourceTree = "<group>";
		};
		53C5ADB72455D0F800873F90 /* Chatrooms */ = {
			isa = PBXGroup;
			children = (
				536A7ADC247FDBF4004F81B2 /* ChatroomsCoordinator.swift */,
				536A7ADE247FF7B4004F81B2 /* NewChatroomCoordinator.swift */,
				53B7CDE32454A52A007395EE /* ChatroomsVC.swift */,
				536012FC246497CC00E00C6F /* ChatroomVC.swift */,
				539448BA24640366002A9544 /* NewChatroomVC.swift */,
			);
			path = Chatrooms;
			sourceTree = "<group>";
		};
		53C5ADB82455D10100873F90 /* Settings */ = {
			isa = PBXGroup;
			children = (
				53B04FFC2482C4C5008BDF15 /* SettingsCoordinator.swift */,
				53C0B1F42454A8810019640D /* SettingsVC.swift */,
			);
			path = Settings;
			sourceTree = "<group>";
		};
		53C5ADB92455D23300873F90 /* Search */ = {
			isa = PBXGroup;
			children = (
				53B94C7E2481ACEA00F9F0F1 /* SearchCoordinator.swift */,
				53C5ADBA2455D24800873F90 /* SearchVC.swift */,
				532A2F32245730D000AE14B6 /* ItemDetailVC.swift */,
			);
			path = Search;
			sourceTree = "<group>";
		};
		53EFBCE0246F12A700958A76 /* Users */ = {
			isa = PBXGroup;
			children = (
				532B59E025052ED2003655EE /* User+CoreDataClass.swift */,
				532B59E125052ED2003655EE /* User+CoreDataProperties.swift */,
			);
			path = Users;
			sourceTree = "<group>";
		};
		A41F75B1B09C292D9B8FF986 /* Pods */ = {
			isa = PBXGroup;
			children = (
				3950BC54F639061C280CD2FD /* Pods-CouchClub.debug.xcconfig */,
				9CB43F872B3E2FDA0802E497 /* Pods-CouchClub.release.xcconfig */,
				7C224FFD5468964A9A651875 /* Pods-CouchClubTests.debug.xcconfig */,
				66146CAEF669EBBF4C95FDB2 /* Pods-CouchClubTests.release.xcconfig */,
			);
			path = Pods;
			sourceTree = "<group>";
		};
/* End PBXGroup section */

/* Begin PBXNativeTarget section */
		538D29D02454978600CDB99F /* CouchClub */ = {
			isa = PBXNativeTarget;
			buildConfigurationList = 538D29F32454978800CDB99F /* Build configuration list for PBXNativeTarget "CouchClub" */;
			buildPhases = (
				3146C40CCDBC944ACDF7DBFD /* [CP] Check Pods Manifest.lock */,
				538D29CD2454978600CDB99F /* Sources */,
				538D29CE2454978600CDB99F /* Frameworks */,
				538D29CF2454978600CDB99F /* Resources */,
				545FADDE984140D1F9E0B174 /* [CP] Embed Pods Frameworks */,
			);
			buildRules = (
			);
			dependencies = (
			);
			name = CouchClub;
			productName = CouchClub;
			productReference = 538D29D12454978600CDB99F /* CouchClub.app */;
			productType = "com.apple.product-type.application";
		};
		538D29E92454978800CDB99F /* CouchClubTests */ = {
			isa = PBXNativeTarget;
			buildConfigurationList = 538D29F62454978800CDB99F /* Build configuration list for PBXNativeTarget "CouchClubTests" */;
			buildPhases = (
				046627998AE5E52599D8139A /* [CP] Check Pods Manifest.lock */,
				538D29E62454978800CDB99F /* Sources */,
				538D29E72454978800CDB99F /* Frameworks */,
				538D29E82454978800CDB99F /* Resources */,
			);
			buildRules = (
			);
			dependencies = (
				538D29EC2454978800CDB99F /* PBXTargetDependency */,
			);
			name = CouchClubTests;
			productName = CouchClubTests;
			productReference = 538D29EA2454978800CDB99F /* CouchClubTests.xctest */;
			productType = "com.apple.product-type.bundle.unit-test";
		};
/* End PBXNativeTarget section */

/* Begin PBXProject section */
		538D29C92454978600CDB99F /* Project object */ = {
			isa = PBXProject;
			attributes = {
				LastSwiftUpdateCheck = 1140;
				LastUpgradeCheck = 1140;
				ORGANIZATIONNAME = "Ruben Dias";
				TargetAttributes = {
					538D29D02454978600CDB99F = {
						CreatedOnToolsVersion = 11.4.1;
					};
					538D29E92454978800CDB99F = {
						CreatedOnToolsVersion = 11.4.1;
						TestTargetID = 538D29D02454978600CDB99F;
					};
				};
			};
			buildConfigurationList = 538D29CC2454978600CDB99F /* Build configuration list for PBXProject "CouchClub" */;
			compatibilityVersion = "Xcode 9.3";
			developmentRegion = en;
			hasScannedForEncodings = 0;
			knownRegions = (
				en,
				Base,
			);
			mainGroup = 538D29C82454978600CDB99F;
			productRefGroup = 538D29D22454978600CDB99F /* Products */;
			projectDirPath = "";
			projectRoot = "";
			targets = (
				538D29D02454978600CDB99F /* CouchClub */,
				538D29E92454978800CDB99F /* CouchClubTests */,
			);
		};
/* End PBXProject section */

/* Begin PBXResourcesBuildPhase section */
		538D29CF2454978600CDB99F /* Resources */ = {
			isa = PBXResourcesBuildPhase;
			buildActionMask = 2147483647;
			files = (
				531FE206246C29A500AE0505 /* Login.storyboard in Resources */,
				538D29E42454978800CDB99F /* LaunchScreen.storyboard in Resources */,
				53817084246C9094006A4B3B /* GoogleService-Info.plist in Resources */,
				538D29E12454978800CDB99F /* Assets.xcassets in Resources */,
				534BFB9D2454DDB500F9F772 /* Watchlists.storyboard in Resources */,
				534BFBA22454DED600F9F772 /* Settings.storyboard in Resources */,
				53C5ADB62455D08100873F90 /* Search.storyboard in Resources */,
				534BFBA02454DE8800F9F772 /* Chatrooms.storyboard in Resources */,
			);
			runOnlyForDeploymentPostprocessing = 0;
		};
		538D29E82454978800CDB99F /* Resources */ = {
			isa = PBXResourcesBuildPhase;
			buildActionMask = 2147483647;
			files = (
			);
			runOnlyForDeploymentPostprocessing = 0;
		};
/* End PBXResourcesBuildPhase section */

/* Begin PBXShellScriptBuildPhase section */
		046627998AE5E52599D8139A /* [CP] Check Pods Manifest.lock */ = {
			isa = PBXShellScriptBuildPhase;
			buildActionMask = 2147483647;
			files = (
			);
			inputFileListPaths = (
			);
			inputPaths = (
				"${PODS_PODFILE_DIR_PATH}/Podfile.lock",
				"${PODS_ROOT}/Manifest.lock",
			);
			name = "[CP] Check Pods Manifest.lock";
			outputFileListPaths = (
			);
			outputPaths = (
				"$(DERIVED_FILE_DIR)/Pods-CouchClubTests-checkManifestLockResult.txt",
			);
			runOnlyForDeploymentPostprocessing = 0;
			shellPath = /bin/sh;
			shellScript = "diff \"${PODS_PODFILE_DIR_PATH}/Podfile.lock\" \"${PODS_ROOT}/Manifest.lock\" > /dev/null\nif [ $? != 0 ] ; then\n    # print error to STDERR\n    echo \"error: The sandbox is not in sync with the Podfile.lock. Run 'pod install' or update your CocoaPods installation.\" >&2\n    exit 1\nfi\n# This output is used by Xcode 'outputs' to avoid re-running this script phase.\necho \"SUCCESS\" > \"${SCRIPT_OUTPUT_FILE_0}\"\n";
			showEnvVarsInLog = 0;
		};
		3146C40CCDBC944ACDF7DBFD /* [CP] Check Pods Manifest.lock */ = {
			isa = PBXShellScriptBuildPhase;
			buildActionMask = 2147483647;
			files = (
			);
			inputFileListPaths = (
			);
			inputPaths = (
				"${PODS_PODFILE_DIR_PATH}/Podfile.lock",
				"${PODS_ROOT}/Manifest.lock",
			);
			name = "[CP] Check Pods Manifest.lock";
			outputFileListPaths = (
			);
			outputPaths = (
				"$(DERIVED_FILE_DIR)/Pods-CouchClub-checkManifestLockResult.txt",
			);
			runOnlyForDeploymentPostprocessing = 0;
			shellPath = /bin/sh;
			shellScript = "diff \"${PODS_PODFILE_DIR_PATH}/Podfile.lock\" \"${PODS_ROOT}/Manifest.lock\" > /dev/null\nif [ $? != 0 ] ; then\n    # print error to STDERR\n    echo \"error: The sandbox is not in sync with the Podfile.lock. Run 'pod install' or update your CocoaPods installation.\" >&2\n    exit 1\nfi\n# This output is used by Xcode 'outputs' to avoid re-running this script phase.\necho \"SUCCESS\" > \"${SCRIPT_OUTPUT_FILE_0}\"\n";
			showEnvVarsInLog = 0;
		};
		545FADDE984140D1F9E0B174 /* [CP] Embed Pods Frameworks */ = {
			isa = PBXShellScriptBuildPhase;
			buildActionMask = 2147483647;
			files = (
			);
			inputFileListPaths = (
				"${PODS_ROOT}/Target Support Files/Pods-CouchClub/Pods-CouchClub-frameworks-${CONFIGURATION}-input-files.xcfilelist",
			);
			name = "[CP] Embed Pods Frameworks";
			outputFileListPaths = (
				"${PODS_ROOT}/Target Support Files/Pods-CouchClub/Pods-CouchClub-frameworks-${CONFIGURATION}-output-files.xcfilelist",
			);
			runOnlyForDeploymentPostprocessing = 0;
			shellPath = /bin/sh;
			shellScript = "\"${PODS_ROOT}/Target Support Files/Pods-CouchClub/Pods-CouchClub-frameworks.sh\"\n";
			showEnvVarsInLog = 0;
		};
/* End PBXShellScriptBuildPhase section */

/* Begin PBXSourcesBuildPhase section */
		538D29CD2454978600CDB99F /* Sources */ = {
			isa = PBXSourcesBuildPhase;
			buildActionMask = 2147483647;
			files = (
				53A8BBD624768FC7001B3E6C /* PushNotifications.swift in Sources */,
				536A7ADD247FDBF4004F81B2 /* ChatroomsCoordinator.swift in Sources */,
				538774402468113A009247CA /* ChatroomTVCell.swift in Sources */,
				53B7144B245B524D00915FF8 /* Item+CoreDataClass.swift in Sources */,
				53B04FFD2482C4C5008BDF15 /* SettingsCoordinator.swift in Sources */,
				5376F2B024595EE7007FB93C /* LocalDatabase.swift in Sources */,
				53F6880B2458CFE500230CE9 /* Show+CoreDataClass.swift in Sources */,
				532B59E325052ED2003655EE /* Watchlist+CoreDataProperties.swift in Sources */,
				53AEA6CE247F093300308718 /* NewWatchlistCoordinator.swift in Sources */,
				532B59E425052ED2003655EE /* User+CoreDataClass.swift in Sources */,
				531FE20B246C2FD400AE0505 /* Buttons.swift in Sources */,
				53B94C7F2481ACEA00F9F0F1 /* SearchCoordinator.swift in Sources */,
				538D29D92454978600CDB99F /* WatchlistsVC.swift in Sources */,
				53C0B1F72454AF2B0019640D /* WatchlistCell.swift in Sources */,
				53251069245ABF4200DBBA04 /* NewWatchlistVC.swift in Sources */,
				53EFBCDE246F11DE00958A76 /* Message+CoreDataClass.swift in Sources */,
				537C14322455CDE7005FC745 /* SearchItems.swift in Sources */,
				53286A132465AF2C00934B4D /* MessageTVCell.swift in Sources */,
				5390F4872489497500F6C211 /* TitleTextView.swift in Sources */,
				53B7CDE42454A52A007395EE /* ChatroomsVC.swift in Sources */,
				53264A3624669DD4006C3423 /* SmallHeaderTVCell.swift in Sources */,
				5321D39F246B0CF500FC7E83 /* SelectWatchlistVC.swift in Sources */,
				53286A162465D13F00934B4D /* MessageInputAccessoryView.swift in Sources */,
				53153CC02456253F0089AEA7 /* SmallHeaderCVCell.swift in Sources */,
				5390F489248A5C4B00F6C211 /* WatchlistsDataSource.swift in Sources */,
				53645A64245CA382009A4AE6 /* TextCVCell.swift in Sources */,
				53D91F07245AEF5A00BC9F82 /* Alerts.swift in Sources */,
				53286A182465D1DC00934B4D /* MessageInputTextView.swift in Sources */,
				532A2F33245730D000AE14B6 /* ItemDetailVC.swift in Sources */,
				5390F48D248A81FB00F6C211 /* WatchlistItemsDataSource.swift in Sources */,
				53645A66245DBEB0009A4AE6 /* HighlightCVCell.swift in Sources */,
				536A3922245F717E00E1FAA0 /* Item+CoreDataProperties.swift in Sources */,
				532FBF0E247575C000B1E11B /* Views.swift in Sources */,
				53C5ADBB2455D24800873F90 /* SearchVC.swift in Sources */,
				53D16F4E2458D790001DD4FA /* Constants.swift in Sources */,
				538D29D52454978600CDB99F /* AppDelegate.swift in Sources */,
				531FE209246C2AB000AE0505 /* LoginVC.swift in Sources */,
				539448BB24640366002A9544 /* NewChatroomVC.swift in Sources */,
				538D29DF2454978600CDB99F /* CouchClub.xcdatamodeld in Sources */,
				53BEA6962459820100F7D770 /* DataCoordinator.swift in Sources */,
				53153CC2245625950089AEA7 /* SearchItemCell.swift in Sources */,
				5390F48B248A679500F6C211 /* WatchlistSelectionDataSource.swift in Sources */,
				53AE644B2455DE4E00D7F817 /* NetworkService.swift in Sources */,
				53645A68245DD8A0009A4AE6 /* ItemCell.swift in Sources */,
				5390F482248939B300F6C211 /* ChatroomMessagesDataSource.swift in Sources */,
				53F688102458D4AC00230CE9 /* Converter.swift in Sources */,
				532210762473F89200381419 /* Chatroom+CoreDataProperties.swift in Sources */,
				536012FD246497CC00E00C6F /* ChatroomVC.swift in Sources */,
				53F6880D2458CFE500230CE9 /* Movie+CoreDataClass.swift in Sources */,
				53BEA6942459722500F7D770 /* LocalStorage.swift in Sources */,
				5390F47F248901A600F6C211 /* ChatroomsDataSource.swift in Sources */,
				53EFBCDF246F11DE00958A76 /* Message+CoreDataProperties.swift in Sources */,
				53298B522483DA5C00883BFB /* LoginCoordinator.swift in Sources */,
				53B34E2E245744220076B148 /* ItemDetailHeaderTVCell.swift in Sources */,
				53189FB2247EDC2C002DAEE2 /* WatchlistsCoordinator.swift in Sources */,
				532B59E525052ED2003655EE /* User+CoreDataProperties.swift in Sources */,
				53B34E3024580D160076B148 /* HighlightTVCell.swift in Sources */,
				53F6880E2458CFE500230CE9 /* Movie+CoreDataProperties.swift in Sources */,
				53CC6A40245ADB2500744012 /* WatchlistVC.swift in Sources */,
				53F6880C2458CFE500230CE9 /* Show+CoreDataProperties.swift in Sources */,
				532B59E225052ED2003655EE /* Watchlist+CoreDataClass.swift in Sources */,
				532210752473F89200381419 /* Chatroom+CoreDataClass.swift in Sources */,
				53649011246C3EE400628A32 /* TextFields.swift in Sources */,
				5369E491246DE79C00E9CB91 /* FirebaseService.swift in Sources */,
				5325106F245AD9FE00DBBA04 /* Extensions.swift in Sources */,
				53649013246C781D00628A32 /* CreateAccountVC.swift in Sources */,
				536012FF2464A33000E00C6F /* Protocols.swift in Sources */,
				536A7ADF247FF7B4004F81B2 /* NewChatroomCoordinator.swift in Sources */,
				53189FB4247EDE9E002DAEE2 /* MainTabBarController.swift in Sources */,
				53C0B1F52454A8810019640D /* SettingsVC.swift in Sources */,
			);
			runOnlyForDeploymentPostprocessing = 0;
		};
		538D29E62454978800CDB99F /* Sources */ = {
			isa = PBXSourcesBuildPhase;
			buildActionMask = 2147483647;
			files = (
				538D29EF2454978800CDB99F /* CouchClubTests.swift in Sources */,
			);
			runOnlyForDeploymentPostprocessing = 0;
		};
/* End PBXSourcesBuildPhase section */

/* Begin PBXTargetDependency section */
		538D29EC2454978800CDB99F /* PBXTargetDependency */ = {
			isa = PBXTargetDependency;
			target = 538D29D02454978600CDB99F /* CouchClub */;
			targetProxy = 538D29EB2454978800CDB99F /* PBXContainerItemProxy */;
		};
/* End PBXTargetDependency section */

/* Begin PBXVariantGroup section */
		534BFB9E2454DE8800F9F772 /* Chatrooms.storyboard */ = {
			isa = PBXVariantGroup;
			children = (
				534BFB9F2454DE8800F9F772 /* Base */,
			);
			name = Chatrooms.storyboard;
			sourceTree = "<group>";
		};
		538D29E22454978800CDB99F /* LaunchScreen.storyboard */ = {
			isa = PBXVariantGroup;
			children = (
				538D29E32454978800CDB99F /* Base */,
			);
			name = LaunchScreen.storyboard;
			sourceTree = "<group>";
		};
/* End PBXVariantGroup section */

/* Begin XCBuildConfiguration section */
		538D29F12454978800CDB99F /* Debug */ = {
			isa = XCBuildConfiguration;
			buildSettings = {
				ALWAYS_SEARCH_USER_PATHS = NO;
				CLANG_ANALYZER_NONNULL = YES;
				CLANG_ANALYZER_NUMBER_OBJECT_CONVERSION = YES_AGGRESSIVE;
				CLANG_CXX_LANGUAGE_STANDARD = "gnu++14";
				CLANG_CXX_LIBRARY = "libc++";
				CLANG_ENABLE_MODULES = YES;
				CLANG_ENABLE_OBJC_ARC = YES;
				CLANG_ENABLE_OBJC_WEAK = YES;
				CLANG_WARN_BLOCK_CAPTURE_AUTORELEASING = YES;
				CLANG_WARN_BOOL_CONVERSION = YES;
				CLANG_WARN_COMMA = YES;
				CLANG_WARN_CONSTANT_CONVERSION = YES;
				CLANG_WARN_DEPRECATED_OBJC_IMPLEMENTATIONS = YES;
				CLANG_WARN_DIRECT_OBJC_ISA_USAGE = YES_ERROR;
				CLANG_WARN_DOCUMENTATION_COMMENTS = YES;
				CLANG_WARN_EMPTY_BODY = YES;
				CLANG_WARN_ENUM_CONVERSION = YES;
				CLANG_WARN_INFINITE_RECURSION = YES;
				CLANG_WARN_INT_CONVERSION = YES;
				CLANG_WARN_NON_LITERAL_NULL_CONVERSION = YES;
				CLANG_WARN_OBJC_IMPLICIT_RETAIN_SELF = YES;
				CLANG_WARN_OBJC_LITERAL_CONVERSION = YES;
				CLANG_WARN_OBJC_ROOT_CLASS = YES_ERROR;
				CLANG_WARN_RANGE_LOOP_ANALYSIS = YES;
				CLANG_WARN_STRICT_PROTOTYPES = YES;
				CLANG_WARN_SUSPICIOUS_MOVE = YES;
				CLANG_WARN_UNGUARDED_AVAILABILITY = YES_AGGRESSIVE;
				CLANG_WARN_UNREACHABLE_CODE = YES;
				CLANG_WARN__DUPLICATE_METHOD_MATCH = YES;
				COPY_PHASE_STRIP = NO;
				DEBUG_INFORMATION_FORMAT = dwarf;
				ENABLE_STRICT_OBJC_MSGSEND = YES;
				ENABLE_TESTABILITY = YES;
				GCC_C_LANGUAGE_STANDARD = gnu11;
				GCC_DYNAMIC_NO_PIC = NO;
				GCC_NO_COMMON_BLOCKS = YES;
				GCC_OPTIMIZATION_LEVEL = 0;
				GCC_PREPROCESSOR_DEFINITIONS = (
					"DEBUG=1",
					"$(inherited)",
				);
				GCC_WARN_64_TO_32_BIT_CONVERSION = YES;
				GCC_WARN_ABOUT_RETURN_TYPE = YES_ERROR;
				GCC_WARN_UNDECLARED_SELECTOR = YES;
				GCC_WARN_UNINITIALIZED_AUTOS = YES_AGGRESSIVE;
				GCC_WARN_UNUSED_FUNCTION = YES;
				GCC_WARN_UNUSED_VARIABLE = YES;
				IPHONEOS_DEPLOYMENT_TARGET = 12.0;
				MTL_ENABLE_DEBUG_INFO = INCLUDE_SOURCE;
				MTL_FAST_MATH = YES;
				ONLY_ACTIVE_ARCH = YES;
				SDKROOT = iphoneos;
				SWIFT_ACTIVE_COMPILATION_CONDITIONS = DEBUG;
				SWIFT_OPTIMIZATION_LEVEL = "-Onone";
			};
			name = Debug;
		};
		538D29F22454978800CDB99F /* Release */ = {
			isa = XCBuildConfiguration;
			buildSettings = {
				ALWAYS_SEARCH_USER_PATHS = NO;
				CLANG_ANALYZER_NONNULL = YES;
				CLANG_ANALYZER_NUMBER_OBJECT_CONVERSION = YES_AGGRESSIVE;
				CLANG_CXX_LANGUAGE_STANDARD = "gnu++14";
				CLANG_CXX_LIBRARY = "libc++";
				CLANG_ENABLE_MODULES = YES;
				CLANG_ENABLE_OBJC_ARC = YES;
				CLANG_ENABLE_OBJC_WEAK = YES;
				CLANG_WARN_BLOCK_CAPTURE_AUTORELEASING = YES;
				CLANG_WARN_BOOL_CONVERSION = YES;
				CLANG_WARN_COMMA = YES;
				CLANG_WARN_CONSTANT_CONVERSION = YES;
				CLANG_WARN_DEPRECATED_OBJC_IMPLEMENTATIONS = YES;
				CLANG_WARN_DIRECT_OBJC_ISA_USAGE = YES_ERROR;
				CLANG_WARN_DOCUMENTATION_COMMENTS = YES;
				CLANG_WARN_EMPTY_BODY = YES;
				CLANG_WARN_ENUM_CONVERSION = YES;
				CLANG_WARN_INFINITE_RECURSION = YES;
				CLANG_WARN_INT_CONVERSION = YES;
				CLANG_WARN_NON_LITERAL_NULL_CONVERSION = YES;
				CLANG_WARN_OBJC_IMPLICIT_RETAIN_SELF = YES;
				CLANG_WARN_OBJC_LITERAL_CONVERSION = YES;
				CLANG_WARN_OBJC_ROOT_CLASS = YES_ERROR;
				CLANG_WARN_RANGE_LOOP_ANALYSIS = YES;
				CLANG_WARN_STRICT_PROTOTYPES = YES;
				CLANG_WARN_SUSPICIOUS_MOVE = YES;
				CLANG_WARN_UNGUARDED_AVAILABILITY = YES_AGGRESSIVE;
				CLANG_WARN_UNREACHABLE_CODE = YES;
				CLANG_WARN__DUPLICATE_METHOD_MATCH = YES;
				COPY_PHASE_STRIP = NO;
				DEBUG_INFORMATION_FORMAT = "dwarf-with-dsym";
				ENABLE_NS_ASSERTIONS = NO;
				ENABLE_STRICT_OBJC_MSGSEND = YES;
				GCC_C_LANGUAGE_STANDARD = gnu11;
				GCC_NO_COMMON_BLOCKS = YES;
				GCC_WARN_64_TO_32_BIT_CONVERSION = YES;
				GCC_WARN_ABOUT_RETURN_TYPE = YES_ERROR;
				GCC_WARN_UNDECLARED_SELECTOR = YES;
				GCC_WARN_UNINITIALIZED_AUTOS = YES_AGGRESSIVE;
				GCC_WARN_UNUSED_FUNCTION = YES;
				GCC_WARN_UNUSED_VARIABLE = YES;
				IPHONEOS_DEPLOYMENT_TARGET = 12.0;
				MTL_ENABLE_DEBUG_INFO = NO;
				MTL_FAST_MATH = YES;
				SDKROOT = iphoneos;
				SWIFT_COMPILATION_MODE = wholemodule;
				SWIFT_OPTIMIZATION_LEVEL = "-O";
				VALIDATE_PRODUCT = YES;
			};
			name = Release;
		};
		538D29F42454978800CDB99F /* Debug */ = {
			isa = XCBuildConfiguration;
			baseConfigurationReference = 3950BC54F639061C280CD2FD /* Pods-CouchClub.debug.xcconfig */;
			buildSettings = {
				ASSETCATALOG_COMPILER_APPICON_NAME = AppIcon;
				CODE_SIGN_ENTITLEMENTS = CouchClub/CouchClub.entitlements;
				CODE_SIGN_STYLE = Automatic;
				DEVELOPMENT_TEAM = C62GU5R7P6;
				INFOPLIST_FILE = CouchClub/Info.plist;
				IPHONEOS_DEPLOYMENT_TARGET = 12.0;
				LD_RUNPATH_SEARCH_PATHS = (
					"$(inherited)",
					"@executable_path/Frameworks",
				);
				PRODUCT_BUNDLE_IDENTIFIER = com.rubendias.CouchClub;
				PRODUCT_NAME = "$(TARGET_NAME)";
				SWIFT_VERSION = 5.0;
				TARGETED_DEVICE_FAMILY = "1,2";
			};
			name = Debug;
		};
		538D29F52454978800CDB99F /* Release */ = {
			isa = XCBuildConfiguration;
			baseConfigurationReference = 9CB43F872B3E2FDA0802E497 /* Pods-CouchClub.release.xcconfig */;
			buildSettings = {
				ASSETCATALOG_COMPILER_APPICON_NAME = AppIcon;
				CODE_SIGN_ENTITLEMENTS = CouchClub/CouchClub.entitlements;
				CODE_SIGN_STYLE = Automatic;
				DEVELOPMENT_TEAM = C62GU5R7P6;
				INFOPLIST_FILE = CouchClub/Info.plist;
				IPHONEOS_DEPLOYMENT_TARGET = 12.0;
				LD_RUNPATH_SEARCH_PATHS = (
					"$(inherited)",
					"@executable_path/Frameworks",
				);
				PRODUCT_BUNDLE_IDENTIFIER = com.rubendias.CouchClub;
				PRODUCT_NAME = "$(TARGET_NAME)";
				SWIFT_VERSION = 5.0;
				TARGETED_DEVICE_FAMILY = "1,2";
			};
			name = Release;
		};
		538D29F72454978800CDB99F /* Debug */ = {
			isa = XCBuildConfiguration;
			baseConfigurationReference = 7C224FFD5468964A9A651875 /* Pods-CouchClubTests.debug.xcconfig */;
			buildSettings = {
				ALWAYS_EMBED_SWIFT_STANDARD_LIBRARIES = YES;
				BUNDLE_LOADER = "$(TEST_HOST)";
				CODE_SIGN_STYLE = Automatic;
				DEVELOPMENT_TEAM = C62GU5R7P6;
				INFOPLIST_FILE = CouchClubTests/Info.plist;
				IPHONEOS_DEPLOYMENT_TARGET = 13.4;
				LD_RUNPATH_SEARCH_PATHS = (
					"$(inherited)",
					"@executable_path/Frameworks",
					"@loader_path/Frameworks",
				);
				PRODUCT_BUNDLE_IDENTIFIER = com.rubendias.CouchClubTests;
				PRODUCT_NAME = "$(TARGET_NAME)";
				SWIFT_VERSION = 5.0;
				TARGETED_DEVICE_FAMILY = "1,2";
				TEST_HOST = "$(BUILT_PRODUCTS_DIR)/CouchClub.app/CouchClub";
			};
			name = Debug;
		};
		538D29F82454978800CDB99F /* Release */ = {
			isa = XCBuildConfiguration;
			baseConfigurationReference = 66146CAEF669EBBF4C95FDB2 /* Pods-CouchClubTests.release.xcconfig */;
			buildSettings = {
				ALWAYS_EMBED_SWIFT_STANDARD_LIBRARIES = YES;
				BUNDLE_LOADER = "$(TEST_HOST)";
				CODE_SIGN_STYLE = Automatic;
				DEVELOPMENT_TEAM = C62GU5R7P6;
				INFOPLIST_FILE = CouchClubTests/Info.plist;
				IPHONEOS_DEPLOYMENT_TARGET = 13.4;
				LD_RUNPATH_SEARCH_PATHS = (
					"$(inherited)",
					"@executable_path/Frameworks",
					"@loader_path/Frameworks",
				);
				PRODUCT_BUNDLE_IDENTIFIER = com.rubendias.CouchClubTests;
				PRODUCT_NAME = "$(TARGET_NAME)";
				SWIFT_VERSION = 5.0;
				TARGETED_DEVICE_FAMILY = "1,2";
				TEST_HOST = "$(BUILT_PRODUCTS_DIR)/CouchClub.app/CouchClub";
			};
			name = Release;
		};
/* End XCBuildConfiguration section */

/* Begin XCConfigurationList section */
		538D29CC2454978600CDB99F /* Build configuration list for PBXProject "CouchClub" */ = {
			isa = XCConfigurationList;
			buildConfigurations = (
				538D29F12454978800CDB99F /* Debug */,
				538D29F22454978800CDB99F /* Release */,
			);
			defaultConfigurationIsVisible = 0;
			defaultConfigurationName = Release;
		};
		538D29F32454978800CDB99F /* Build configuration list for PBXNativeTarget "CouchClub" */ = {
			isa = XCConfigurationList;
			buildConfigurations = (
				538D29F42454978800CDB99F /* Debug */,
				538D29F52454978800CDB99F /* Release */,
			);
			defaultConfigurationIsVisible = 0;
			defaultConfigurationName = Release;
		};
		538D29F62454978800CDB99F /* Build configuration list for PBXNativeTarget "CouchClubTests" */ = {
			isa = XCConfigurationList;
			buildConfigurations = (
				538D29F72454978800CDB99F /* Debug */,
				538D29F82454978800CDB99F /* Release */,
			);
			defaultConfigurationIsVisible = 0;
			defaultConfigurationName = Release;
		};
/* End XCConfigurationList section */

/* Begin XCVersionGroup section */
		538D29DD2454978600CDB99F /* CouchClub.xcdatamodeld */ = {
			isa = XCVersionGroup;
			children = (
				538D29DE2454978600CDB99F /* CouchClub.xcdatamodel */,
			);
			currentVersion = 538D29DE2454978600CDB99F /* CouchClub.xcdatamodel */;
			path = CouchClub.xcdatamodeld;
			sourceTree = "<group>";
			versionGroupType = wrapper.xcdatamodel;
		};
/* End XCVersionGroup section */
	};
	rootObject = 538D29C92454978600CDB99F /* Project object */;
}
