// !$*UTF8*$!
{
	archiveVersion = 1;
	classes = {
	};
	objectVersion = 50;
	objects = {

/* Begin PBXBuildFile section */
		53153CC02456253F0089AEA7 /* HeaderCVCell.swift in Sources */ = {isa = PBXBuildFile; fileRef = 53153CBF2456253F0089AEA7 /* HeaderCVCell.swift */; };
		53153CC2245625950089AEA7 /* SearchItemCell.swift in Sources */ = {isa = PBXBuildFile; fileRef = 53153CC1245625950089AEA7 /* SearchItemCell.swift */; };
		534BFB9D2454DDB500F9F772 /* Watchlists.storyboard in Resources */ = {isa = PBXBuildFile; fileRef = 534BFB9C2454DDB500F9F772 /* Watchlists.storyboard */; };
		534BFBA02454DE8800F9F772 /* Chatrooms.storyboard in Resources */ = {isa = PBXBuildFile; fileRef = 534BFB9E2454DE8800F9F772 /* Chatrooms.storyboard */; };
		534BFBA22454DED600F9F772 /* Settings.storyboard in Resources */ = {isa = PBXBuildFile; fileRef = 534BFBA12454DED600F9F772 /* Settings.storyboard */; };
		534BFBA62454E49800F9F772 /* UIView.swift in Sources */ = {isa = PBXBuildFile; fileRef = 534BFBA52454E49800F9F772 /* UIView.swift */; };
		537C14302455C8DA005FC745 /* Watchlist.swift in Sources */ = {isa = PBXBuildFile; fileRef = 537C142F2455C8DA005FC745 /* Watchlist.swift */; };
		537C14322455CDE7005FC745 /* Movie.swift in Sources */ = {isa = PBXBuildFile; fileRef = 537C14312455CDE7005FC745 /* Movie.swift */; };
		537C14342455CDF9005FC745 /* Show.swift in Sources */ = {isa = PBXBuildFile; fileRef = 537C14332455CDF9005FC745 /* Show.swift */; };
		538D29D52454978600CDB99F /* AppDelegate.swift in Sources */ = {isa = PBXBuildFile; fileRef = 538D29D42454978600CDB99F /* AppDelegate.swift */; };
		538D29D92454978600CDB99F /* WatchlistsVC.swift in Sources */ = {isa = PBXBuildFile; fileRef = 538D29D82454978600CDB99F /* WatchlistsVC.swift */; };
		538D29DC2454978600CDB99F /* Main.storyboard in Resources */ = {isa = PBXBuildFile; fileRef = 538D29DA2454978600CDB99F /* Main.storyboard */; };
		538D29DF2454978600CDB99F /* CouchClub.xcdatamodeld in Sources */ = {isa = PBXBuildFile; fileRef = 538D29DD2454978600CDB99F /* CouchClub.xcdatamodeld */; };
		538D29E12454978800CDB99F /* Assets.xcassets in Resources */ = {isa = PBXBuildFile; fileRef = 538D29E02454978800CDB99F /* Assets.xcassets */; };
		538D29E42454978800CDB99F /* LaunchScreen.storyboard in Resources */ = {isa = PBXBuildFile; fileRef = 538D29E22454978800CDB99F /* LaunchScreen.storyboard */; };
		538D29EF2454978800CDB99F /* CouchClubTests.swift in Sources */ = {isa = PBXBuildFile; fileRef = 538D29EE2454978800CDB99F /* CouchClubTests.swift */; };
		53AE644B2455DE4E00D7F817 /* NetworkService.swift in Sources */ = {isa = PBXBuildFile; fileRef = 53AE644A2455DE4E00D7F817 /* NetworkService.swift */; };
		53AE644D24560CFF00D7F817 /* MovieResult.swift in Sources */ = {isa = PBXBuildFile; fileRef = 53AE644C24560CFF00D7F817 /* MovieResult.swift */; };
		53B7CDE42454A52A007395EE /* ChatroomsVC.swift in Sources */ = {isa = PBXBuildFile; fileRef = 53B7CDE32454A52A007395EE /* ChatroomsVC.swift */; };
		53C0B1F52454A8810019640D /* SettingsVC.swift in Sources */ = {isa = PBXBuildFile; fileRef = 53C0B1F42454A8810019640D /* SettingsVC.swift */; };
		53C0B1F72454AF2B0019640D /* WatchlistCell.swift in Sources */ = {isa = PBXBuildFile; fileRef = 53C0B1F62454AF2B0019640D /* WatchlistCell.swift */; };
		53C5ADB62455D08100873F90 /* Search.storyboard in Resources */ = {isa = PBXBuildFile; fileRef = 53C5ADB52455D08100873F90 /* Search.storyboard */; };
		53C5ADBB2455D24800873F90 /* SearchVC.swift in Sources */ = {isa = PBXBuildFile; fileRef = 53C5ADBA2455D24800873F90 /* SearchVC.swift */; };
		53CD8B99245586C700E7FEB0 /* UILabel.swift in Sources */ = {isa = PBXBuildFile; fileRef = 53CD8B98245586C700E7FEB0 /* UILabel.swift */; };
		53CD8B9B24558A0E00E7FEB0 /* UIColor.swift in Sources */ = {isa = PBXBuildFile; fileRef = 53CD8B9A24558A0E00E7FEB0 /* UIColor.swift */; };
		53CD8B9D245593FD00E7FEB0 /* UIFont.swift in Sources */ = {isa = PBXBuildFile; fileRef = 53CD8B9C245593FD00E7FEB0 /* UIFont.swift */; };
/* End PBXBuildFile section */

/* Begin PBXContainerItemProxy section */
		538D29EB2454978800CDB99F /* PBXContainerItemProxy */ = {
			isa = PBXContainerItemProxy;
			containerPortal = 538D29C92454978600CDB99F /* Project object */;
			proxyType = 1;
			remoteGlobalIDString = 538D29D02454978600CDB99F;
			remoteInfo = CouchClub;
		};
/* End PBXContainerItemProxy section */

/* Begin PBXFileReference section */
		53153CBF2456253F0089AEA7 /* HeaderCVCell.swift */ = {isa = PBXFileReference; lastKnownFileType = sourcecode.swift; path = HeaderCVCell.swift; sourceTree = "<group>"; };
		53153CC1245625950089AEA7 /* SearchItemCell.swift */ = {isa = PBXFileReference; lastKnownFileType = sourcecode.swift; path = SearchItemCell.swift; sourceTree = "<group>"; };
		534BFB9C2454DDB500F9F772 /* Watchlists.storyboard */ = {isa = PBXFileReference; fileEncoding = 4; lastKnownFileType = file.storyboard; path = Watchlists.storyboard; sourceTree = "<group>"; };
		534BFB9F2454DE8800F9F772 /* Base */ = {isa = PBXFileReference; lastKnownFileType = file.storyboard; name = Base; path = CouchClub/View/Storyboards/Base.lproj/Chatrooms.storyboard; sourceTree = "<group>"; };
		534BFBA12454DED600F9F772 /* Settings.storyboard */ = {isa = PBXFileReference; fileEncoding = 4; lastKnownFileType = file.storyboard; path = Settings.storyboard; sourceTree = "<group>"; };
		534BFBA52454E49800F9F772 /* UIView.swift */ = {isa = PBXFileReference; lastKnownFileType = sourcecode.swift; path = UIView.swift; sourceTree = "<group>"; };
		537C142F2455C8DA005FC745 /* Watchlist.swift */ = {isa = PBXFileReference; lastKnownFileType = sourcecode.swift; path = Watchlist.swift; sourceTree = "<group>"; };
		537C14312455CDE7005FC745 /* Movie.swift */ = {isa = PBXFileReference; lastKnownFileType = sourcecode.swift; path = Movie.swift; sourceTree = "<group>"; };
		537C14332455CDF9005FC745 /* Show.swift */ = {isa = PBXFileReference; lastKnownFileType = sourcecode.swift; path = Show.swift; sourceTree = "<group>"; };
		538D29D12454978600CDB99F /* CouchClub.app */ = {isa = PBXFileReference; explicitFileType = wrapper.application; includeInIndex = 0; path = CouchClub.app; sourceTree = BUILT_PRODUCTS_DIR; };
		538D29D42454978600CDB99F /* AppDelegate.swift */ = {isa = PBXFileReference; lastKnownFileType = sourcecode.swift; path = AppDelegate.swift; sourceTree = "<group>"; };
		538D29D82454978600CDB99F /* WatchlistsVC.swift */ = {isa = PBXFileReference; lastKnownFileType = sourcecode.swift; path = WatchlistsVC.swift; sourceTree = "<group>"; };
		538D29DB2454978600CDB99F /* Base */ = {isa = PBXFileReference; lastKnownFileType = file.storyboard; name = Base; path = Base.lproj/Main.storyboard; sourceTree = "<group>"; };
		538D29DE2454978600CDB99F /* CouchClub.xcdatamodel */ = {isa = PBXFileReference; lastKnownFileType = wrapper.xcdatamodel; path = CouchClub.xcdatamodel; sourceTree = "<group>"; };
		538D29E02454978800CDB99F /* Assets.xcassets */ = {isa = PBXFileReference; lastKnownFileType = folder.assetcatalog; path = Assets.xcassets; sourceTree = "<group>"; };
		538D29E32454978800CDB99F /* Base */ = {isa = PBXFileReference; lastKnownFileType = file.storyboard; name = Base; path = Base.lproj/LaunchScreen.storyboard; sourceTree = "<group>"; };
		538D29E52454978800CDB99F /* Info.plist */ = {isa = PBXFileReference; lastKnownFileType = text.plist.xml; path = Info.plist; sourceTree = "<group>"; };
		538D29EA2454978800CDB99F /* CouchClubTests.xctest */ = {isa = PBXFileReference; explicitFileType = wrapper.cfbundle; includeInIndex = 0; path = CouchClubTests.xctest; sourceTree = BUILT_PRODUCTS_DIR; };
		538D29EE2454978800CDB99F /* CouchClubTests.swift */ = {isa = PBXFileReference; lastKnownFileType = sourcecode.swift; path = CouchClubTests.swift; sourceTree = "<group>"; };
		538D29F02454978800CDB99F /* Info.plist */ = {isa = PBXFileReference; lastKnownFileType = text.plist.xml; path = Info.plist; sourceTree = "<group>"; };
		53AE644A2455DE4E00D7F817 /* NetworkService.swift */ = {isa = PBXFileReference; lastKnownFileType = sourcecode.swift; path = NetworkService.swift; sourceTree = "<group>"; };
		53AE644C24560CFF00D7F817 /* MovieResult.swift */ = {isa = PBXFileReference; lastKnownFileType = sourcecode.swift; path = MovieResult.swift; sourceTree = "<group>"; };
		53B7CDE32454A52A007395EE /* ChatroomsVC.swift */ = {isa = PBXFileReference; lastKnownFileType = sourcecode.swift; path = ChatroomsVC.swift; sourceTree = "<group>"; };
		53C0B1F42454A8810019640D /* SettingsVC.swift */ = {isa = PBXFileReference; lastKnownFileType = sourcecode.swift; path = SettingsVC.swift; sourceTree = "<group>"; };
		53C0B1F62454AF2B0019640D /* WatchlistCell.swift */ = {isa = PBXFileReference; lastKnownFileType = sourcecode.swift; path = WatchlistCell.swift; sourceTree = "<group>"; };
		53C5ADB52455D08100873F90 /* Search.storyboard */ = {isa = PBXFileReference; lastKnownFileType = file.storyboard; path = Search.storyboard; sourceTree = "<group>"; };
		53C5ADBA2455D24800873F90 /* SearchVC.swift */ = {isa = PBXFileReference; lastKnownFileType = sourcecode.swift; path = SearchVC.swift; sourceTree = "<group>"; };
		53CD8B98245586C700E7FEB0 /* UILabel.swift */ = {isa = PBXFileReference; lastKnownFileType = sourcecode.swift; path = UILabel.swift; sourceTree = "<group>"; };
		53CD8B9A24558A0E00E7FEB0 /* UIColor.swift */ = {isa = PBXFileReference; lastKnownFileType = sourcecode.swift; path = UIColor.swift; sourceTree = "<group>"; };
		53CD8B9C245593FD00E7FEB0 /* UIFont.swift */ = {isa = PBXFileReference; lastKnownFileType = sourcecode.swift; path = UIFont.swift; sourceTree = "<group>"; };
/* End PBXFileReference section */

/* Begin PBXFrameworksBuildPhase section */
		538D29CE2454978600CDB99F /* Frameworks */ = {
			isa = PBXFrameworksBuildPhase;
			buildActionMask = 2147483647;
			files = (
			);
			runOnlyForDeploymentPostprocessing = 0;
		};
		538D29E72454978800CDB99F /* Frameworks */ = {
			isa = PBXFrameworksBuildPhase;
			buildActionMask = 2147483647;
			files = (
			);
			runOnlyForDeploymentPostprocessing = 0;
		};
/* End PBXFrameworksBuildPhase section */

/* Begin PBXGroup section */
		53153CBB245624A50089AEA7 /* Cells */ = {
			isa = PBXGroup;
			children = (
				53C0B1F62454AF2B0019640D /* WatchlistCell.swift */,
				53153CC1245625950089AEA7 /* SearchItemCell.swift */,
			);
			path = Cells;
			sourceTree = "<group>";
		};
		53153CBE245624D20089AEA7 /* Headers and Footers */ = {
			isa = PBXGroup;
			children = (
				53153CBF2456253F0089AEA7 /* HeaderCVCell.swift */,
			);
			path = "Headers and Footers";
			sourceTree = "<group>";
		};
		534BFBA32454E48900F9F772 /* Utils */ = {
			isa = PBXGroup;
			children = (
				534BFBA42454E48D00F9F772 /* Extensions */,
			);
			path = Utils;
			sourceTree = "<group>";
		};
		534BFBA42454E48D00F9F772 /* Extensions */ = {
			isa = PBXGroup;
			children = (
				534BFBA52454E49800F9F772 /* UIView.swift */,
				53CD8B9C245593FD00E7FEB0 /* UIFont.swift */,
				53CD8B98245586C700E7FEB0 /* UILabel.swift */,
				53CD8B9A24558A0E00E7FEB0 /* UIColor.swift */,
			);
			path = Extensions;
			sourceTree = "<group>";
		};
		537C14352455CE5A005FC745 /* Watchlists */ = {
			isa = PBXGroup;
			children = (
				538D29D82454978600CDB99F /* WatchlistsVC.swift */,
			);
			path = Watchlists;
			sourceTree = "<group>";
		};
		538D29C82454978600CDB99F = {
			isa = PBXGroup;
			children = (
				538D29D32454978600CDB99F /* CouchClub */,
				538D29ED2454978800CDB99F /* CouchClubTests */,
				538D29D22454978600CDB99F /* Products */,
			);
			sourceTree = "<group>";
		};
		538D29D22454978600CDB99F /* Products */ = {
			isa = PBXGroup;
			children = (
				538D29D12454978600CDB99F /* CouchClub.app */,
				538D29EA2454978800CDB99F /* CouchClubTests.xctest */,
			);
			name = Products;
			sourceTree = "<group>";
		};
		538D29D32454978600CDB99F /* CouchClub */ = {
			isa = PBXGroup;
			children = (
				534BFBA32454E48900F9F772 /* Utils */,
				53AE64472455DE2700D7F817 /* Managers */,
				53B7CDDF2454A21F007395EE /* Model */,
				53B7CDDE2454A216007395EE /* View */,
				53B7CDE02454A223007395EE /* Controller */,
				538D29D42454978600CDB99F /* AppDelegate.swift */,
				538D29E02454978800CDB99F /* Assets.xcassets */,
				538D29E22454978800CDB99F /* LaunchScreen.storyboard */,
				538D29E52454978800CDB99F /* Info.plist */,
				538D29DD2454978600CDB99F /* CouchClub.xcdatamodeld */,
			);
			path = CouchClub;
			sourceTree = "<group>";
		};
		538D29ED2454978800CDB99F /* CouchClubTests */ = {
			isa = PBXGroup;
			children = (
				538D29EE2454978800CDB99F /* CouchClubTests.swift */,
				538D29F02454978800CDB99F /* Info.plist */,
			);
			path = CouchClubTests;
			sourceTree = "<group>";
		};
		53AE64472455DE2700D7F817 /* Managers */ = {
			isa = PBXGroup;
			children = (
				53AE644A2455DE4E00D7F817 /* NetworkService.swift */,
			);
			path = Managers;
			sourceTree = "<group>";
		};
		53B7CDDE2454A216007395EE /* View */ = {
			isa = PBXGroup;
			children = (
				53153CBE245624D20089AEA7 /* Headers and Footers */,
				53153CBB245624A50089AEA7 /* Cells */,
				53C0B1FB2454D7EB0019640D /* Storyboards */,
			);
			path = View;
			sourceTree = "<group>";
		};
		53B7CDDF2454A21F007395EE /* Model */ = {
			isa = PBXGroup;
			children = (
				537C142F2455C8DA005FC745 /* Watchlist.swift */,
				537C14312455CDE7005FC745 /* Movie.swift */,
				53AE644C24560CFF00D7F817 /* MovieResult.swift */,
				537C14332455CDF9005FC745 /* Show.swift */,
			);
			path = Model;
			sourceTree = "<group>";
		};
		53B7CDE02454A223007395EE /* Controller */ = {
			isa = PBXGroup;
			children = (
				537C14352455CE5A005FC745 /* Watchlists */,
				53C5ADB72455D0F800873F90 /* Chatrooms */,
				53C5ADB82455D10100873F90 /* Settings */,
				53C5ADB92455D23300873F90 /* Search */,
			);
			path = Controller;
			sourceTree = "<group>";
		};
		53C0B1FB2454D7EB0019640D /* Storyboards */ = {
			isa = PBXGroup;
			children = (
				534BFB9C2454DDB500F9F772 /* Watchlists.storyboard */,
				534BFB9E2454DE8800F9F772 /* Chatrooms.storyboard */,
				534BFBA12454DED600F9F772 /* Settings.storyboard */,
				53C5ADB52455D08100873F90 /* Search.storyboard */,
				538D29DA2454978600CDB99F /* Main.storyboard */,
			);
			path = Storyboards;
			sourceTree = "<group>";
		};
		53C5ADB72455D0F800873F90 /* Chatrooms */ = {
			isa = PBXGroup;
			children = (
				53B7CDE32454A52A007395EE /* ChatroomsVC.swift */,
			);
			path = Chatrooms;
			sourceTree = "<group>";
		};
		53C5ADB82455D10100873F90 /* Settings */ = {
			isa = PBXGroup;
			children = (
				53C0B1F42454A8810019640D /* SettingsVC.swift */,
			);
			path = Settings;
			sourceTree = "<group>";
		};
		53C5ADB92455D23300873F90 /* Search */ = {
			isa = PBXGroup;
			children = (
				53C5ADBA2455D24800873F90 /* SearchVC.swift */,
			);
			path = Search;
			sourceTree = "<group>";
		};
/* End PBXGroup section */

/* Begin PBXNativeTarget section */
		538D29D02454978600CDB99F /* CouchClub */ = {
			isa = PBXNativeTarget;
			buildConfigurationList = 538D29F32454978800CDB99F /* Build configuration list for PBXNativeTarget "CouchClub" */;
			buildPhases = (
				538D29CD2454978600CDB99F /* Sources */,
				538D29CE2454978600CDB99F /* Frameworks */,
				538D29CF2454978600CDB99F /* Resources */,
			);
			buildRules = (
			);
			dependencies = (
			);
			name = CouchClub;
			productName = CouchClub;
			productReference = 538D29D12454978600CDB99F /* CouchClub.app */;
			productType = "com.apple.product-type.application";
		};
		538D29E92454978800CDB99F /* CouchClubTests */ = {
			isa = PBXNativeTarget;
			buildConfigurationList = 538D29F62454978800CDB99F /* Build configuration list for PBXNativeTarget "CouchClubTests" */;
			buildPhases = (
				538D29E62454978800CDB99F /* Sources */,
				538D29E72454978800CDB99F /* Frameworks */,
				538D29E82454978800CDB99F /* Resources */,
			);
			buildRules = (
			);
			dependencies = (
				538D29EC2454978800CDB99F /* PBXTargetDependency */,
			);
			name = CouchClubTests;
			productName = CouchClubTests;
			productReference = 538D29EA2454978800CDB99F /* CouchClubTests.xctest */;
			productType = "com.apple.product-type.bundle.unit-test";
		};
/* End PBXNativeTarget section */

/* Begin PBXProject section */
		538D29C92454978600CDB99F /* Project object */ = {
			isa = PBXProject;
			attributes = {
				LastSwiftUpdateCheck = 1140;
				LastUpgradeCheck = 1140;
				ORGANIZATIONNAME = "Ruben Dias";
				TargetAttributes = {
					538D29D02454978600CDB99F = {
						CreatedOnToolsVersion = 11.4.1;
					};
					538D29E92454978800CDB99F = {
						CreatedOnToolsVersion = 11.4.1;
						TestTargetID = 538D29D02454978600CDB99F;
					};
				};
			};
			buildConfigurationList = 538D29CC2454978600CDB99F /* Build configuration list for PBXProject "CouchClub" */;
			compatibilityVersion = "Xcode 9.3";
			developmentRegion = en;
			hasScannedForEncodings = 0;
			knownRegions = (
				en,
				Base,
			);
			mainGroup = 538D29C82454978600CDB99F;
			productRefGroup = 538D29D22454978600CDB99F /* Products */;
			projectDirPath = "";
			projectRoot = "";
			targets = (
				538D29D02454978600CDB99F /* CouchClub */,
				538D29E92454978800CDB99F /* CouchClubTests */,
			);
		};
/* End PBXProject section */

/* Begin PBXResourcesBuildPhase section */
		538D29CF2454978600CDB99F /* Resources */ = {
			isa = PBXResourcesBuildPhase;
			buildActionMask = 2147483647;
			files = (
				538D29E42454978800CDB99F /* LaunchScreen.storyboard in Resources */,
				538D29E12454978800CDB99F /* Assets.xcassets in Resources */,
				534BFB9D2454DDB500F9F772 /* Watchlists.storyboard in Resources */,
				534BFBA22454DED600F9F772 /* Settings.storyboard in Resources */,
				53C5ADB62455D08100873F90 /* Search.storyboard in Resources */,
				534BFBA02454DE8800F9F772 /* Chatrooms.storyboard in Resources */,
				538D29DC2454978600CDB99F /* Main.storyboard in Resources */,
			);
			runOnlyForDeploymentPostprocessing = 0;
		};
		538D29E82454978800CDB99F /* Resources */ = {
			isa = PBXResourcesBuildPhase;
			buildActionMask = 2147483647;
			files = (
			);
			runOnlyForDeploymentPostprocessing = 0;
		};
/* End PBXResourcesBuildPhase section */

/* Begin PBXSourcesBuildPhase section */
		538D29CD2454978600CDB99F /* Sources */ = {
			isa = PBXSourcesBuildPhase;
			buildActionMask = 2147483647;
			files = (
				538D29D92454978600CDB99F /* WatchlistsVC.swift in Sources */,
				53C0B1F72454AF2B0019640D /* WatchlistCell.swift in Sources */,
				537C14322455CDE7005FC745 /* Movie.swift in Sources */,
				53B7CDE42454A52A007395EE /* ChatroomsVC.swift in Sources */,
				53153CC02456253F0089AEA7 /* HeaderCVCell.swift in Sources */,
				534BFBA62454E49800F9F772 /* UIView.swift in Sources */,
				53AE644D24560CFF00D7F817 /* MovieResult.swift in Sources */,
				53CD8B9B24558A0E00E7FEB0 /* UIColor.swift in Sources */,
				53C5ADBB2455D24800873F90 /* SearchVC.swift in Sources */,
				538D29D52454978600CDB99F /* AppDelegate.swift in Sources */,
				538D29DF2454978600CDB99F /* CouchClub.xcdatamodeld in Sources */,
				53CD8B99245586C700E7FEB0 /* UILabel.swift in Sources */,
				53153CC2245625950089AEA7 /* SearchItemCell.swift in Sources */,
				53AE644B2455DE4E00D7F817 /* NetworkService.swift in Sources */,
				53CD8B9D245593FD00E7FEB0 /* UIFont.swift in Sources */,
				537C14342455CDF9005FC745 /* Show.swift in Sources */,
				537C14302455C8DA005FC745 /* Watchlist.swift in Sources */,
				53C0B1F52454A8810019640D /* SettingsVC.swift in Sources */,
			);
			runOnlyForDeploymentPostprocessing = 0;
		};
		538D29E62454978800CDB99F /* Sources */ = {
			isa = PBXSourcesBuildPhase;
			buildActionMask = 2147483647;
			files = (
				538D29EF2454978800CDB99F /* CouchClubTests.swift in Sources */,
			);
			runOnlyForDeploymentPostprocessing = 0;
		};
/* End PBXSourcesBuildPhase section */

/* Begin PBXTargetDependency section */
		538D29EC2454978800CDB99F /* PBXTargetDependency */ = {
			isa = PBXTargetDependency;
			target = 538D29D02454978600CDB99F /* CouchClub */;
			targetProxy = 538D29EB2454978800CDB99F /* PBXContainerItemProxy */;
		};
/* End PBXTargetDependency section */

/* Begin PBXVariantGroup section */
		534BFB9E2454DE8800F9F772 /* Chatrooms.storyboard */ = {
			isa = PBXVariantGroup;
			children = (
				534BFB9F2454DE8800F9F772 /* Base */,
			);
			name = Chatrooms.storyboard;
			sourceTree = "<group>";
		};
		538D29DA2454978600CDB99F /* Main.storyboard */ = {
			isa = PBXVariantGroup;
			children = (
				538D29DB2454978600CDB99F /* Base */,
			);
			name = Main.storyboard;
			sourceTree = "<group>";
		};
		538D29E22454978800CDB99F /* LaunchScreen.storyboard */ = {
			isa = PBXVariantGroup;
			children = (
				538D29E32454978800CDB99F /* Base */,
			);
			name = LaunchScreen.storyboard;
			sourceTree = "<group>";
		};
/* End PBXVariantGroup section */

/* Begin XCBuildConfiguration section */
		538D29F12454978800CDB99F /* Debug */ = {
			isa = XCBuildConfiguration;
			buildSettings = {
				ALWAYS_SEARCH_USER_PATHS = NO;
				CLANG_ANALYZER_NONNULL = YES;
				CLANG_ANALYZER_NUMBER_OBJECT_CONVERSION = YES_AGGRESSIVE;
				CLANG_CXX_LANGUAGE_STANDARD = "gnu++14";
				CLANG_CXX_LIBRARY = "libc++";
				CLANG_ENABLE_MODULES = YES;
				CLANG_ENABLE_OBJC_ARC = YES;
				CLANG_ENABLE_OBJC_WEAK = YES;
				CLANG_WARN_BLOCK_CAPTURE_AUTORELEASING = YES;
				CLANG_WARN_BOOL_CONVERSION = YES;
				CLANG_WARN_COMMA = YES;
				CLANG_WARN_CONSTANT_CONVERSION = YES;
				CLANG_WARN_DEPRECATED_OBJC_IMPLEMENTATIONS = YES;
				CLANG_WARN_DIRECT_OBJC_ISA_USAGE = YES_ERROR;
				CLANG_WARN_DOCUMENTATION_COMMENTS = YES;
				CLANG_WARN_EMPTY_BODY = YES;
				CLANG_WARN_ENUM_CONVERSION = YES;
				CLANG_WARN_INFINITE_RECURSION = YES;
				CLANG_WARN_INT_CONVERSION = YES;
				CLANG_WARN_NON_LITERAL_NULL_CONVERSION = YES;
				CLANG_WARN_OBJC_IMPLICIT_RETAIN_SELF = YES;
				CLANG_WARN_OBJC_LITERAL_CONVERSION = YES;
				CLANG_WARN_OBJC_ROOT_CLASS = YES_ERROR;
				CLANG_WARN_RANGE_LOOP_ANALYSIS = YES;
				CLANG_WARN_STRICT_PROTOTYPES = YES;
				CLANG_WARN_SUSPICIOUS_MOVE = YES;
				CLANG_WARN_UNGUARDED_AVAILABILITY = YES_AGGRESSIVE;
				CLANG_WARN_UNREACHABLE_CODE = YES;
				CLANG_WARN__DUPLICATE_METHOD_MATCH = YES;
				COPY_PHASE_STRIP = NO;
				DEBUG_INFORMATION_FORMAT = dwarf;
				ENABLE_STRICT_OBJC_MSGSEND = YES;
				ENABLE_TESTABILITY = YES;
				GCC_C_LANGUAGE_STANDARD = gnu11;
				GCC_DYNAMIC_NO_PIC = NO;
				GCC_NO_COMMON_BLOCKS = YES;
				GCC_OPTIMIZATION_LEVEL = 0;
				GCC_PREPROCESSOR_DEFINITIONS = (
					"DEBUG=1",
					"$(inherited)",
				);
				GCC_WARN_64_TO_32_BIT_CONVERSION = YES;
				GCC_WARN_ABOUT_RETURN_TYPE = YES_ERROR;
				GCC_WARN_UNDECLARED_SELECTOR = YES;
				GCC_WARN_UNINITIALIZED_AUTOS = YES_AGGRESSIVE;
				GCC_WARN_UNUSED_FUNCTION = YES;
				GCC_WARN_UNUSED_VARIABLE = YES;
				IPHONEOS_DEPLOYMENT_TARGET = 13.4;
				MTL_ENABLE_DEBUG_INFO = INCLUDE_SOURCE;
				MTL_FAST_MATH = YES;
				ONLY_ACTIVE_ARCH = YES;
				SDKROOT = iphoneos;
				SWIFT_ACTIVE_COMPILATION_CONDITIONS = DEBUG;
				SWIFT_OPTIMIZATION_LEVEL = "-Onone";
			};
			name = Debug;
		};
		538D29F22454978800CDB99F /* Release */ = {
			isa = XCBuildConfiguration;
			buildSettings = {
				ALWAYS_SEARCH_USER_PATHS = NO;
				CLANG_ANALYZER_NONNULL = YES;
				CLANG_ANALYZER_NUMBER_OBJECT_CONVERSION = YES_AGGRESSIVE;
				CLANG_CXX_LANGUAGE_STANDARD = "gnu++14";
				CLANG_CXX_LIBRARY = "libc++";
				CLANG_ENABLE_MODULES = YES;
				CLANG_ENABLE_OBJC_ARC = YES;
				CLANG_ENABLE_OBJC_WEAK = YES;
				CLANG_WARN_BLOCK_CAPTURE_AUTORELEASING = YES;
				CLANG_WARN_BOOL_CONVERSION = YES;
				CLANG_WARN_COMMA = YES;
				CLANG_WARN_CONSTANT_CONVERSION = YES;
				CLANG_WARN_DEPRECATED_OBJC_IMPLEMENTATIONS = YES;
				CLANG_WARN_DIRECT_OBJC_ISA_USAGE = YES_ERROR;
				CLANG_WARN_DOCUMENTATION_COMMENTS = YES;
				CLANG_WARN_EMPTY_BODY = YES;
				CLANG_WARN_ENUM_CONVERSION = YES;
				CLANG_WARN_INFINITE_RECURSION = YES;
				CLANG_WARN_INT_CONVERSION = YES;
				CLANG_WARN_NON_LITERAL_NULL_CONVERSION = YES;
				CLANG_WARN_OBJC_IMPLICIT_RETAIN_SELF = YES;
				CLANG_WARN_OBJC_LITERAL_CONVERSION = YES;
				CLANG_WARN_OBJC_ROOT_CLASS = YES_ERROR;
				CLANG_WARN_RANGE_LOOP_ANALYSIS = YES;
				CLANG_WARN_STRICT_PROTOTYPES = YES;
				CLANG_WARN_SUSPICIOUS_MOVE = YES;
				CLANG_WARN_UNGUARDED_AVAILABILITY = YES_AGGRESSIVE;
				CLANG_WARN_UNREACHABLE_CODE = YES;
				CLANG_WARN__DUPLICATE_METHOD_MATCH = YES;
				COPY_PHASE_STRIP = NO;
				DEBUG_INFORMATION_FORMAT = "dwarf-with-dsym";
				ENABLE_NS_ASSERTIONS = NO;
				ENABLE_STRICT_OBJC_MSGSEND = YES;
				GCC_C_LANGUAGE_STANDARD = gnu11;
				GCC_NO_COMMON_BLOCKS = YES;
				GCC_WARN_64_TO_32_BIT_CONVERSION = YES;
				GCC_WARN_ABOUT_RETURN_TYPE = YES_ERROR;
				GCC_WARN_UNDECLARED_SELECTOR = YES;
				GCC_WARN_UNINITIALIZED_AUTOS = YES_AGGRESSIVE;
				GCC_WARN_UNUSED_FUNCTION = YES;
				GCC_WARN_UNUSED_VARIABLE = YES;
				IPHONEOS_DEPLOYMENT_TARGET = 13.4;
				MTL_ENABLE_DEBUG_INFO = NO;
				MTL_FAST_MATH = YES;
				SDKROOT = iphoneos;
				SWIFT_COMPILATION_MODE = wholemodule;
				SWIFT_OPTIMIZATION_LEVEL = "-O";
				VALIDATE_PRODUCT = YES;
			};
			name = Release;
		};
		538D29F42454978800CDB99F /* Debug */ = {
			isa = XCBuildConfiguration;
			buildSettings = {
				ASSETCATALOG_COMPILER_APPICON_NAME = AppIcon;
				CODE_SIGN_STYLE = Automatic;
				DEVELOPMENT_TEAM = C62GU5R7P6;
				INFOPLIST_FILE = CouchClub/Info.plist;
				IPHONEOS_DEPLOYMENT_TARGET = 12.0;
				LD_RUNPATH_SEARCH_PATHS = (
					"$(inherited)",
					"@executable_path/Frameworks",
				);
				PRODUCT_BUNDLE_IDENTIFIER = com.rubendias.CouchClub;
				PRODUCT_NAME = "$(TARGET_NAME)";
				SWIFT_VERSION = 5.0;
				TARGETED_DEVICE_FAMILY = "1,2";
			};
			name = Debug;
		};
		538D29F52454978800CDB99F /* Release */ = {
			isa = XCBuildConfiguration;
			buildSettings = {
				ASSETCATALOG_COMPILER_APPICON_NAME = AppIcon;
				CODE_SIGN_STYLE = Automatic;
				DEVELOPMENT_TEAM = C62GU5R7P6;
				INFOPLIST_FILE = CouchClub/Info.plist;
				IPHONEOS_DEPLOYMENT_TARGET = 12.0;
				LD_RUNPATH_SEARCH_PATHS = (
					"$(inherited)",
					"@executable_path/Frameworks",
				);
				PRODUCT_BUNDLE_IDENTIFIER = com.rubendias.CouchClub;
				PRODUCT_NAME = "$(TARGET_NAME)";
				SWIFT_VERSION = 5.0;
				TARGETED_DEVICE_FAMILY = "1,2";
			};
			name = Release;
		};
		538D29F72454978800CDB99F /* Debug */ = {
			isa = XCBuildConfiguration;
			buildSettings = {
				ALWAYS_EMBED_SWIFT_STANDARD_LIBRARIES = YES;
				BUNDLE_LOADER = "$(TEST_HOST)";
				CODE_SIGN_STYLE = Automatic;
				DEVELOPMENT_TEAM = C62GU5R7P6;
				INFOPLIST_FILE = CouchClubTests/Info.plist;
				IPHONEOS_DEPLOYMENT_TARGET = 13.4;
				LD_RUNPATH_SEARCH_PATHS = (
					"$(inherited)",
					"@executable_path/Frameworks",
					"@loader_path/Frameworks",
				);
				PRODUCT_BUNDLE_IDENTIFIER = com.rubendias.CouchClubTests;
				PRODUCT_NAME = "$(TARGET_NAME)";
				SWIFT_VERSION = 5.0;
				TARGETED_DEVICE_FAMILY = "1,2";
				TEST_HOST = "$(BUILT_PRODUCTS_DIR)/CouchClub.app/CouchClub";
			};
			name = Debug;
		};
		538D29F82454978800CDB99F /* Release */ = {
			isa = XCBuildConfiguration;
			buildSettings = {
				ALWAYS_EMBED_SWIFT_STANDARD_LIBRARIES = YES;
				BUNDLE_LOADER = "$(TEST_HOST)";
				CODE_SIGN_STYLE = Automatic;
				DEVELOPMENT_TEAM = C62GU5R7P6;
				INFOPLIST_FILE = CouchClubTests/Info.plist;
				IPHONEOS_DEPLOYMENT_TARGET = 13.4;
				LD_RUNPATH_SEARCH_PATHS = (
					"$(inherited)",
					"@executable_path/Frameworks",
					"@loader_path/Frameworks",
				);
				PRODUCT_BUNDLE_IDENTIFIER = com.rubendias.CouchClubTests;
				PRODUCT_NAME = "$(TARGET_NAME)";
				SWIFT_VERSION = 5.0;
				TARGETED_DEVICE_FAMILY = "1,2";
				TEST_HOST = "$(BUILT_PRODUCTS_DIR)/CouchClub.app/CouchClub";
			};
			name = Release;
		};
/* End XCBuildConfiguration section */

/* Begin XCConfigurationList section */
		538D29CC2454978600CDB99F /* Build configuration list for PBXProject "CouchClub" */ = {
			isa = XCConfigurationList;
			buildConfigurations = (
				538D29F12454978800CDB99F /* Debug */,
				538D29F22454978800CDB99F /* Release */,
			);
			defaultConfigurationIsVisible = 0;
			defaultConfigurationName = Release;
		};
		538D29F32454978800CDB99F /* Build configuration list for PBXNativeTarget "CouchClub" */ = {
			isa = XCConfigurationList;
			buildConfigurations = (
				538D29F42454978800CDB99F /* Debug */,
				538D29F52454978800CDB99F /* Release */,
			);
			defaultConfigurationIsVisible = 0;
			defaultConfigurationName = Release;
		};
		538D29F62454978800CDB99F /* Build configuration list for PBXNativeTarget "CouchClubTests" */ = {
			isa = XCConfigurationList;
			buildConfigurations = (
				538D29F72454978800CDB99F /* Debug */,
				538D29F82454978800CDB99F /* Release */,
			);
			defaultConfigurationIsVisible = 0;
			defaultConfigurationName = Release;
		};
/* End XCConfigurationList section */

/* Begin XCVersionGroup section */
		538D29DD2454978600CDB99F /* CouchClub.xcdatamodeld */ = {
			isa = XCVersionGroup;
			children = (
				538D29DE2454978600CDB99F /* CouchClub.xcdatamodel */,
			);
			currentVersion = 538D29DE2454978600CDB99F /* CouchClub.xcdatamodel */;
			path = CouchClub.xcdatamodeld;
			sourceTree = "<group>";
			versionGroupType = wrapper.xcdatamodel;
		};
/* End XCVersionGroup section */
	};
	rootObject = 538D29C92454978600CDB99F /* Project object */;
}
